// !$*UTF8*$!
{
	archiveVersion = 1;
	classes = {
	};
	objectVersion = 46;
	objects = {

/* Begin PBXBuildFile section */
		4331AB8E1C79040C00424B12 /* NSDateExtension.swift in Sources */ = {isa = PBXBuildFile; fileRef = 4331AB8D1C79040C00424B12 /* NSDateExtension.swift */; };
		C237F33D1E144369005C011D /* RefreshView.xib in Resources */ = {isa = PBXBuildFile; fileRef = C237F33C1E144369005C011D /* RefreshView.xib */; };
		C237F3461E146F4B005C011D /* RefreshView.xib in Sources */ = {isa = PBXBuildFile; fileRef = C237F33C1E144369005C011D /* RefreshView.xib */; };
		C23B6D5B1E12CFD900B419CA /* LoginViewController.swift in Sources */ = {isa = PBXBuildFile; fileRef = C23B6D5A1E12CFD900B419CA /* LoginViewController.swift */; };
		C2417EB21E08CA8E0012BC9F /* User.swift in Sources */ = {isa = PBXBuildFile; fileRef = C2417EB11E08CA8E0012BC9F /* User.swift */; };
		C2417EBC1E08CADF0012BC9F /* MentorshipViewController.swift in Sources */ = {isa = PBXBuildFile; fileRef = C2417EBB1E08CADF0012BC9F /* MentorshipViewController.swift */; };
		C2417EBE1E08CB100012BC9F /* keys.plist in Resources */ = {isa = PBXBuildFile; fileRef = C2417EBD1E08CB100012BC9F /* keys.plist */; };
		C279F4571E17082700E54E93 /* ScheduleTableViewCell.swift in Sources */ = {isa = PBXBuildFile; fileRef = C279F4561E17082700E54E93 /* ScheduleTableViewCell.swift */; };
		C287A8D31DF4C2BE003964A0 /* SpartaTableViewCell.swift in Sources */ = {isa = PBXBuildFile; fileRef = C287A8D21DF4C2BE003964A0 /* SpartaTableViewCell.swift */; };
		C287A8D61DF4C7F5003964A0 /* SpartaTableViewHeaderCell.swift in Sources */ = {isa = PBXBuildFile; fileRef = C287A8D51DF4C7F5003964A0 /* SpartaTableViewHeaderCell.swift */; };
		C29683021DA6FC4D00FF9982 /* SpartaTabBarViewController.swift in Sources */ = {isa = PBXBuildFile; fileRef = C29683011DA6FC4D00FF9982 /* SpartaTabBarViewController.swift */; };
		C29683041DA7004000FF9982 /* Theme.swift in Sources */ = {isa = PBXBuildFile; fileRef = C29683031DA7004000FF9982 /* Theme.swift */; };
		C29C3BAB1E2040AB00284A4D /* ProfileViewController.swift in Sources */ = {isa = PBXBuildFile; fileRef = C29C3BAA1E2040AB00284A4D /* ProfileViewController.swift */; };
		C29D16761DE7CAED00AA20A8 /* Alamofire.framework in Embed Frameworks */ = {isa = PBXBuildFile; fileRef = F50EE58E1DCFC75B00A57BED /* Alamofire.framework */; settings = {ATTRIBUTES = (CodeSignOnCopy, RemoveHeadersOnCopy, ); }; };
		C29D167F1DE8A7D100AA20A8 /* SpartaTableViewHeaderCell.xib in Resources */ = {isa = PBXBuildFile; fileRef = C29D167E1DE8A7D100AA20A8 /* SpartaTableViewHeaderCell.xib */; };
		C2D33BC11DEFD01000EF3013 /* Nemoy-Light.ttf in Resources */ = {isa = PBXBuildFile; fileRef = C2D33BBF1DEFCCB700EF3013 /* Nemoy-Light.ttf */; };
		C2D33BC21DEFD01600EF3013 /* Lato-Light.ttf in Resources */ = {isa = PBXBuildFile; fileRef = C2D33BBD1DEFCCB700EF3013 /* Lato-Light.ttf */; };
		C2D33BC31DEFD01900EF3013 /* Lato-Regular.ttf in Resources */ = {isa = PBXBuildFile; fileRef = C2D33BBE1DEFCCB700EF3013 /* Lato-Regular.ttf */; };
		C2D33BC51DEFD0E600EF3013 /* Nemoy-Medium.ttf in Resources */ = {isa = PBXBuildFile; fileRef = C2D33BC41DEFD0B900EF3013 /* Nemoy-Medium.ttf */; };
		C2D33BC71DEFDF0200EF3013 /* SpartaNavigationBar.swift in Sources */ = {isa = PBXBuildFile; fileRef = C2D33BC61DEFDF0200EF3013 /* SpartaNavigationBar.swift */; };
		C2EFC02D1E00D2FF0013E22D /* SpartaTableViewController.swift in Sources */ = {isa = PBXBuildFile; fileRef = C2EFC02C1E00D2FE0013E22D /* SpartaTableViewController.swift */; };
		F5046D101D6FCBD3004A9898 /* AVFoundation.framework in Frameworks */ = {isa = PBXBuildFile; fileRef = F5046D0F1D6FCBD3004A9898 /* AVFoundation.framework */; };
		F50B84261C728C5E00CCBEBC /* UITextFieldLimit.m in Sources */ = {isa = PBXBuildFile; fileRef = F50B84251C728C5E00CCBEBC /* UITextFieldLimit.m */; };
		F50EE5791DCEC64800A57BED /* Map.swift in Sources */ = {isa = PBXBuildFile; fileRef = F50EE5781DCEC64800A57BED /* Map.swift */; };
		F50EE5A51DCFCBF800A57BED /* Alamofire.framework in Frameworks */ = {isa = PBXBuildFile; fileRef = F50EE58E1DCFC75B00A57BED /* Alamofire.framework */; };
		F51382B11DA6C154008F1FCE /* SpartaTableViewCell.xib in Resources */ = {isa = PBXBuildFile; fileRef = F51382B01DA6C154008F1FCE /* SpartaTableViewCell.xib */; };
		F51382B41DA6C321008F1FCE /* ScheduleTableViewCell.xib in Resources */ = {isa = PBXBuildFile; fileRef = F51382B31DA6C321008F1FCE /* ScheduleTableViewCell.xib */; };
		F51382B71DA6C356008F1FCE /* PrizesTableViewCell.xib in Resources */ = {isa = PBXBuildFile; fileRef = F51382B61DA6C356008F1FCE /* PrizesTableViewCell.xib */; };
		F51382BA1DA6C405008F1FCE /* MapWebView.xib in Resources */ = {isa = PBXBuildFile; fileRef = F51382B91DA6C405008F1FCE /* MapWebView.xib */; };
		F51382BD1DA6C48E008F1FCE /* SponsorsCollectionView.xib in Resources */ = {isa = PBXBuildFile; fileRef = F51382BC1DA6C48E008F1FCE /* SponsorsCollectionView.xib */; };
		F51382BF1DA6C49A008F1FCE /* SponsorsCollectionViewCell.xib in Resources */ = {isa = PBXBuildFile; fileRef = F51382BE1DA6C49A008F1FCE /* SponsorsCollectionViewCell.xib */; };
		F51382CB1DA6C634008F1FCE /* CheckinView.xib in Resources */ = {isa = PBXBuildFile; fileRef = F51382CA1DA6C634008F1FCE /* CheckinView.xib */; };
		F51382CE1DA6C688008F1FCE /* ProfileTableView.xib in Resources */ = {isa = PBXBuildFile; fileRef = F51382CD1DA6C688008F1FCE /* ProfileTableView.xib */; };
		F51382D01DA6C6CA008F1FCE /* ProfileNameTableViewCell.xib in Resources */ = {isa = PBXBuildFile; fileRef = F51382CF1DA6C6CA008F1FCE /* ProfileNameTableViewCell.xib */; };
		F51382D21DA6C702008F1FCE /* ProfilePictureCell.xib in Resources */ = {isa = PBXBuildFile; fileRef = F51382D11DA6C702008F1FCE /* ProfilePictureCell.xib */; };
		F51382D41DA6C71D008F1FCE /* ProfileInfoCell.xib in Resources */ = {isa = PBXBuildFile; fileRef = F51382D31DA6C71D008F1FCE /* ProfileInfoCell.xib */; };
		F51968E01DD652810026BA06 /* MapView.swift in Sources */ = {isa = PBXBuildFile; fileRef = F51968DF1DD652810026BA06 /* MapView.swift */; };
		F51968E21DD660EC0026BA06 /* Sponsors.swift in Sources */ = {isa = PBXBuildFile; fileRef = F51968E11DD660EC0026BA06 /* Sponsors.swift */; };
		F51968E51DD661490026BA06 /* Sponsor.swift in Sources */ = {isa = PBXBuildFile; fileRef = F51968E41DD661490026BA06 /* Sponsor.swift */; };
		F51968E71DD66CF70026BA06 /* Prizes.swift in Sources */ = {isa = PBXBuildFile; fileRef = F51968E61DD66CF70026BA06 /* Prizes.swift */; };
		F51968EA1DD66EB00026BA06 /* Prize.swift in Sources */ = {isa = PBXBuildFile; fileRef = F51968E91DD66EB00026BA06 /* Prize.swift */; };
		F5373B881B327566007F508C /* AppDelegate.swift in Sources */ = {isa = PBXBuildFile; fileRef = F5373B871B327566007F508C /* AppDelegate.swift */; };
		F5373B8A1B327566007F508C /* AnnouncementsTableViewController.swift in Sources */ = {isa = PBXBuildFile; fileRef = F5373B891B327566007F508C /* AnnouncementsTableViewController.swift */; };
		F5373B8F1B327566007F508C /* Main.storyboard in Resources */ = {isa = PBXBuildFile; fileRef = F5373B8D1B327566007F508C /* Main.storyboard */; };
		F5373B911B327566007F508C /* Images.xcassets in Resources */ = {isa = PBXBuildFile; fileRef = F5373B901B327566007F508C /* Images.xcassets */; };
		F5373B941B327566007F508C /* LaunchScreen.xib in Resources */ = {isa = PBXBuildFile; fileRef = F5373B921B327566007F508C /* LaunchScreen.xib */; };
		F5373BA01B327566007F508C /* SpartaHack_IITests.swift in Sources */ = {isa = PBXBuildFile; fileRef = F5373B9F1B327566007F508C /* SpartaHack_IITests.swift */; };
		F5373BB61B3275C0007F508C /* AudioToolbox.framework in Frameworks */ = {isa = PBXBuildFile; fileRef = F5373BB51B3275C0007F508C /* AudioToolbox.framework */; };
		F5373BB81B3275C9007F508C /* CFNetwork.framework in Frameworks */ = {isa = PBXBuildFile; fileRef = F5373BB71B3275C9007F508C /* CFNetwork.framework */; };
		F5373BBA1B3275D1007F508C /* CoreGraphics.framework in Frameworks */ = {isa = PBXBuildFile; fileRef = F5373BB91B3275D1007F508C /* CoreGraphics.framework */; };
		F5373BBC1B3275DA007F508C /* CoreLocation.framework in Frameworks */ = {isa = PBXBuildFile; fileRef = F5373BBB1B3275DA007F508C /* CoreLocation.framework */; };
		F5373BC01B3275E9007F508C /* QuartzCore.framework in Frameworks */ = {isa = PBXBuildFile; fileRef = F5373BBF1B3275E9007F508C /* QuartzCore.framework */; };
		F5373BD01B366AC6007F508C /* SignupViewController.swift in Sources */ = {isa = PBXBuildFile; fileRef = F5373BCF1B366AC6007F508C /* SignupViewController.swift */; };
		F5467B811E05BFFE00BE66DA /* keys.plist in Resources */ = {isa = PBXBuildFile; fileRef = F5467B801E05BFFE00BE66DA /* keys.plist */; };
		F54F43901BB63CBE0037EA44 /* AwardsViewController.swift in Sources */ = {isa = PBXBuildFile; fileRef = F54F438F1BB63CBE0037EA44 /* AwardsViewController.swift */; };
		F559F6D01C82516B00C1D4A1 /* SpartaLabel.swift in Sources */ = {isa = PBXBuildFile; fileRef = F559F6CF1C82516B00C1D4A1 /* SpartaLabel.swift */; };
		F559F6D21C826C2800C1D4A1 /* SpartaTextField.swift in Sources */ = {isa = PBXBuildFile; fileRef = F559F6D11C826C2800C1D4A1 /* SpartaTextField.swift */; };
		F5602C1A1DE8D89500227700 /* (null) in Sources */ = {isa = PBXBuildFile; };
		F574CE531C7380A30032203C /* map.pdf in Resources */ = {isa = PBXBuildFile; fileRef = F574CE521C7380A30032203C /* map.pdf */; };
		F58BE2911C5C16DD0000696B /* UIColor+SpartaColor.m in Sources */ = {isa = PBXBuildFile; fileRef = F58BE2901C5C16DD0000696B /* UIColor+SpartaColor.m */; };
		F591B2351C2DE25F00F1512D /* MapViewController.swift in Sources */ = {isa = PBXBuildFile; fileRef = F591B2341C2DE25F00F1512D /* MapViewController.swift */; };
		F591B2371C2DE27100F1512D /* ScheduleViewController.swift in Sources */ = {isa = PBXBuildFile; fileRef = F591B2361C2DE27100F1512D /* ScheduleViewController.swift */; };
		F591B23A1C2DE2B800F1512D /* GuideViewController.swift in Sources */ = {isa = PBXBuildFile; fileRef = F591B2391C2DE2B800F1512D /* GuideViewController.swift */; };
		F596937A1DB41DB600B830DD /* Announcements.swift in Sources */ = {isa = PBXBuildFile; fileRef = F59693771DB41DB600B830DD /* Announcements.swift */; };
		F596937B1DB41DB600B830DD /* Announcement.swift in Sources */ = {isa = PBXBuildFile; fileRef = F59693781DB41DB600B830DD /* Announcement.swift */; };
		F596937C1DB41DB600B830DD /* SpartaModel.swift in Sources */ = {isa = PBXBuildFile; fileRef = F59693791DB41DB600B830DD /* SpartaModel.swift */; };
		F599B4501C66BF84008E1E6D /* ScanViewController.swift in Sources */ = {isa = PBXBuildFile; fileRef = F599B44F1C66BF84008E1E6D /* ScanViewController.swift */; };
		F5AE537C1C3092740030BCCA /* PrizesViewController.swift in Sources */ = {isa = PBXBuildFile; fileRef = F5AE537B1C3092740030BCCA /* PrizesViewController.swift */; };
		F5AE537E1C3092800030BCCA /* SponsorsViewController.swift in Sources */ = {isa = PBXBuildFile; fileRef = F5AE537D1C3092800030BCCA /* SponsorsViewController.swift */; };
		F5AE53841C3234A30030BCCA /* ios-map.pdf in Resources */ = {isa = PBXBuildFile; fileRef = F5AE53831C3234A30030BCCA /* ios-map.pdf */; };
		F5BD16B81C66E35700BB7201 /* CheckInUserViewController.swift in Sources */ = {isa = PBXBuildFile; fileRef = F5BD16B71C66E35700BB7201 /* CheckInUserViewController.swift */; };
		F5C73CD11DBD37E50055C921 /* Schedule.swift in Sources */ = {isa = PBXBuildFile; fileRef = F5C73CD01DBD37E50055C921 /* Schedule.swift */; };
		F5C73CD31DBD37EC0055C921 /* Event.swift in Sources */ = {isa = PBXBuildFile; fileRef = F5C73CD21DBD37EC0055C921 /* Event.swift */; };
/* End PBXBuildFile section */

/* Begin PBXContainerItemProxy section */
		F50EE58D1DCFC75B00A57BED /* PBXContainerItemProxy */ = {
			isa = PBXContainerItemProxy;
			containerPortal = F50EE5821DCFC75B00A57BED /* Alamofire.xcodeproj */;
			proxyType = 2;
			remoteGlobalIDString = F8111E3319A95C8B0040E7D1;
			remoteInfo = "Alamofire iOS";
		};
		F50EE58F1DCFC75B00A57BED /* PBXContainerItemProxy */ = {
			isa = PBXContainerItemProxy;
			containerPortal = F50EE5821DCFC75B00A57BED /* Alamofire.xcodeproj */;
			proxyType = 2;
			remoteGlobalIDString = F8111E3E19A95C8B0040E7D1;
			remoteInfo = "Alamofire iOS Tests";
		};
		F50EE5911DCFC75B00A57BED /* PBXContainerItemProxy */ = {
			isa = PBXContainerItemProxy;
			containerPortal = F50EE5821DCFC75B00A57BED /* Alamofire.xcodeproj */;
			proxyType = 2;
			remoteGlobalIDString = 4DD67C0B1A5C55C900ED2280;
			remoteInfo = "Alamofire macOS";
		};
		F50EE5931DCFC75B00A57BED /* PBXContainerItemProxy */ = {
			isa = PBXContainerItemProxy;
			containerPortal = F50EE5821DCFC75B00A57BED /* Alamofire.xcodeproj */;
			proxyType = 2;
			remoteGlobalIDString = F829C6B21A7A94F100A2CD59;
			remoteInfo = "Alamofire macOS Tests";
		};
		F50EE5951DCFC75B00A57BED /* PBXContainerItemProxy */ = {
			isa = PBXContainerItemProxy;
			containerPortal = F50EE5821DCFC75B00A57BED /* Alamofire.xcodeproj */;
			proxyType = 2;
			remoteGlobalIDString = 4CF626EF1BA7CB3E0011A099;
			remoteInfo = "Alamofire tvOS";
		};
		F50EE5971DCFC75B00A57BED /* PBXContainerItemProxy */ = {
			isa = PBXContainerItemProxy;
			containerPortal = F50EE5821DCFC75B00A57BED /* Alamofire.xcodeproj */;
			proxyType = 2;
			remoteGlobalIDString = 4CF626F81BA7CB3E0011A099;
			remoteInfo = "Alamofire tvOS Tests";
		};
		F50EE5991DCFC75B00A57BED /* PBXContainerItemProxy */ = {
			isa = PBXContainerItemProxy;
			containerPortal = F50EE5821DCFC75B00A57BED /* Alamofire.xcodeproj */;
			proxyType = 2;
			remoteGlobalIDString = E4202FE01B667AA100C997FB;
			remoteInfo = "Alamofire watchOS";
		};
		F5373B9A1B327566007F508C /* PBXContainerItemProxy */ = {
			isa = PBXContainerItemProxy;
			containerPortal = F5373B7A1B327566007F508C /* Project object */;
			proxyType = 1;
			remoteGlobalIDString = F5373B811B327566007F508C;
			remoteInfo = "SpartaHack II";
		};
/* End PBXContainerItemProxy section */

/* Begin PBXCopyFilesBuildPhase section */
		F5C73CCF1DBD16980055C921 /* Embed Frameworks */ = {
			isa = PBXCopyFilesBuildPhase;
			buildActionMask = 12;
			dstPath = "";
			dstSubfolderSpec = 10;
			files = (
				C29D16761DE7CAED00AA20A8 /* Alamofire.framework in Embed Frameworks */,
			);
			name = "Embed Frameworks";
			runOnlyForDeploymentPostprocessing = 0;
		};
/* End PBXCopyFilesBuildPhase section */

/* Begin PBXFileReference section */
		4331AB8D1C79040C00424B12 /* NSDateExtension.swift */ = {isa = PBXFileReference; fileEncoding = 4; lastKnownFileType = sourcecode.swift; path = NSDateExtension.swift; sourceTree = "<group>"; };
		C237F33C1E144369005C011D /* RefreshView.xib */ = {isa = PBXFileReference; fileEncoding = 4; lastKnownFileType = file.xib; path = RefreshView.xib; sourceTree = "<group>"; };
		C23B6D5A1E12CFD900B419CA /* LoginViewController.swift */ = {isa = PBXFileReference; fileEncoding = 4; lastKnownFileType = sourcecode.swift; path = LoginViewController.swift; sourceTree = "<group>"; };
		C2417EB11E08CA8E0012BC9F /* User.swift */ = {isa = PBXFileReference; fileEncoding = 4; lastKnownFileType = sourcecode.swift; path = User.swift; sourceTree = "<group>"; };
		C2417EBB1E08CADF0012BC9F /* MentorshipViewController.swift */ = {isa = PBXFileReference; fileEncoding = 4; lastKnownFileType = sourcecode.swift; path = MentorshipViewController.swift; sourceTree = "<group>"; };
		C2417EBD1E08CB100012BC9F /* keys.plist */ = {isa = PBXFileReference; fileEncoding = 4; lastKnownFileType = text.plist.xml; path = keys.plist; sourceTree = "<group>"; };
		C279F4561E17082700E54E93 /* ScheduleTableViewCell.swift */ = {isa = PBXFileReference; fileEncoding = 4; lastKnownFileType = sourcecode.swift; path = ScheduleTableViewCell.swift; sourceTree = "<group>"; };
		C287A8D21DF4C2BE003964A0 /* SpartaTableViewCell.swift */ = {isa = PBXFileReference; fileEncoding = 4; lastKnownFileType = sourcecode.swift; path = SpartaTableViewCell.swift; sourceTree = "<group>"; };
		C287A8D51DF4C7F5003964A0 /* SpartaTableViewHeaderCell.swift */ = {isa = PBXFileReference; fileEncoding = 4; lastKnownFileType = sourcecode.swift; path = SpartaTableViewHeaderCell.swift; sourceTree = "<group>"; };
		C29683011DA6FC4D00FF9982 /* SpartaTabBarViewController.swift */ = {isa = PBXFileReference; fileEncoding = 4; lastKnownFileType = sourcecode.swift; path = SpartaTabBarViewController.swift; sourceTree = "<group>"; };
		C29683031DA7004000FF9982 /* Theme.swift */ = {isa = PBXFileReference; fileEncoding = 4; lastKnownFileType = sourcecode.swift; path = Theme.swift; sourceTree = "<group>"; };
		C29C3BAA1E2040AB00284A4D /* ProfileViewController.swift */ = {isa = PBXFileReference; fileEncoding = 4; lastKnownFileType = sourcecode.swift; path = ProfileViewController.swift; sourceTree = "<group>"; };
		C29D167E1DE8A7D100AA20A8 /* SpartaTableViewHeaderCell.xib */ = {isa = PBXFileReference; fileEncoding = 4; lastKnownFileType = file.xib; path = SpartaTableViewHeaderCell.xib; sourceTree = "<group>"; };
		C2D33BBD1DEFCCB700EF3013 /* Lato-Light.ttf */ = {isa = PBXFileReference; lastKnownFileType = file; path = "Lato-Light.ttf"; sourceTree = "<group>"; };
		C2D33BBE1DEFCCB700EF3013 /* Lato-Regular.ttf */ = {isa = PBXFileReference; lastKnownFileType = file; path = "Lato-Regular.ttf"; sourceTree = "<group>"; };
		C2D33BBF1DEFCCB700EF3013 /* Nemoy-Light.ttf */ = {isa = PBXFileReference; lastKnownFileType = file; path = "Nemoy-Light.ttf"; sourceTree = "<group>"; };
		C2D33BC41DEFD0B900EF3013 /* Nemoy-Medium.ttf */ = {isa = PBXFileReference; lastKnownFileType = file; path = "Nemoy-Medium.ttf"; sourceTree = "<group>"; };
		C2D33BC61DEFDF0200EF3013 /* SpartaNavigationBar.swift */ = {isa = PBXFileReference; fileEncoding = 4; lastKnownFileType = sourcecode.swift; path = SpartaNavigationBar.swift; sourceTree = "<group>"; };
		C2EFC02C1E00D2FE0013E22D /* SpartaTableViewController.swift */ = {isa = PBXFileReference; fileEncoding = 4; lastKnownFileType = sourcecode.swift; path = SpartaTableViewController.swift; sourceTree = "<group>"; };
		F5046D0F1D6FCBD3004A9898 /* AVFoundation.framework */ = {isa = PBXFileReference; lastKnownFileType = wrapper.framework; name = AVFoundation.framework; path = System/Library/Frameworks/AVFoundation.framework; sourceTree = SDKROOT; };
		F50B84241C728C5500CCBEBC /* UITextFieldLimit.h */ = {isa = PBXFileReference; fileEncoding = 4; lastKnownFileType = sourcecode.c.h; path = UITextFieldLimit.h; sourceTree = "<group>"; };
		F50B84251C728C5E00CCBEBC /* UITextFieldLimit.m */ = {isa = PBXFileReference; fileEncoding = 4; lastKnownFileType = sourcecode.c.objc; path = UITextFieldLimit.m; sourceTree = "<group>"; };
		F50EE5781DCEC64800A57BED /* Map.swift */ = {isa = PBXFileReference; fileEncoding = 4; lastKnownFileType = sourcecode.swift; path = Map.swift; sourceTree = "<group>"; };
		F50EE5821DCFC75B00A57BED /* Alamofire.xcodeproj */ = {isa = PBXFileReference; lastKnownFileType = "wrapper.pb-project"; name = Alamofire.xcodeproj; path = Alamofire/Alamofire.xcodeproj; sourceTree = "<group>"; };
		F51382B01DA6C154008F1FCE /* SpartaTableViewCell.xib */ = {isa = PBXFileReference; fileEncoding = 4; lastKnownFileType = file.xib; path = SpartaTableViewCell.xib; sourceTree = "<group>"; };
		F51382B31DA6C321008F1FCE /* ScheduleTableViewCell.xib */ = {isa = PBXFileReference; fileEncoding = 4; lastKnownFileType = file.xib; path = ScheduleTableViewCell.xib; sourceTree = "<group>"; };
		F51382B61DA6C356008F1FCE /* PrizesTableViewCell.xib */ = {isa = PBXFileReference; fileEncoding = 4; lastKnownFileType = file.xib; path = PrizesTableViewCell.xib; sourceTree = "<group>"; };
		F51382B91DA6C405008F1FCE /* MapWebView.xib */ = {isa = PBXFileReference; fileEncoding = 4; lastKnownFileType = file.xib; path = MapWebView.xib; sourceTree = "<group>"; };
		F51382BC1DA6C48E008F1FCE /* SponsorsCollectionView.xib */ = {isa = PBXFileReference; fileEncoding = 4; lastKnownFileType = file.xib; path = SponsorsCollectionView.xib; sourceTree = "<group>"; };
		F51382BE1DA6C49A008F1FCE /* SponsorsCollectionViewCell.xib */ = {isa = PBXFileReference; fileEncoding = 4; lastKnownFileType = file.xib; path = SponsorsCollectionViewCell.xib; sourceTree = "<group>"; };
		F51382CA1DA6C634008F1FCE /* CheckinView.xib */ = {isa = PBXFileReference; fileEncoding = 4; lastKnownFileType = file.xib; path = CheckinView.xib; sourceTree = "<group>"; };
		F51382CD1DA6C688008F1FCE /* ProfileTableView.xib */ = {isa = PBXFileReference; fileEncoding = 4; lastKnownFileType = file.xib; path = ProfileTableView.xib; sourceTree = "<group>"; };
		F51382CF1DA6C6CA008F1FCE /* ProfileNameTableViewCell.xib */ = {isa = PBXFileReference; fileEncoding = 4; lastKnownFileType = file.xib; path = ProfileNameTableViewCell.xib; sourceTree = "<group>"; };
		F51382D11DA6C702008F1FCE /* ProfilePictureCell.xib */ = {isa = PBXFileReference; fileEncoding = 4; lastKnownFileType = file.xib; path = ProfilePictureCell.xib; sourceTree = "<group>"; };
		F51382D31DA6C71D008F1FCE /* ProfileInfoCell.xib */ = {isa = PBXFileReference; fileEncoding = 4; lastKnownFileType = file.xib; path = ProfileInfoCell.xib; sourceTree = "<group>"; };
		F51968DF1DD652810026BA06 /* MapView.swift */ = {isa = PBXFileReference; fileEncoding = 4; lastKnownFileType = sourcecode.swift; path = MapView.swift; sourceTree = "<group>"; };
		F51968E11DD660EC0026BA06 /* Sponsors.swift */ = {isa = PBXFileReference; fileEncoding = 4; lastKnownFileType = sourcecode.swift; path = Sponsors.swift; sourceTree = "<group>"; };
		F51968E41DD661490026BA06 /* Sponsor.swift */ = {isa = PBXFileReference; fileEncoding = 4; lastKnownFileType = sourcecode.swift; path = Sponsor.swift; sourceTree = "<group>"; };
		F51968E61DD66CF70026BA06 /* Prizes.swift */ = {isa = PBXFileReference; fileEncoding = 4; lastKnownFileType = sourcecode.swift; path = Prizes.swift; sourceTree = "<group>"; };
		F51968E91DD66EB00026BA06 /* Prize.swift */ = {isa = PBXFileReference; fileEncoding = 4; lastKnownFileType = sourcecode.swift; path = Prize.swift; sourceTree = "<group>"; };
		F5373B821B327566007F508C /* SpartaHack 2016.app */ = {isa = PBXFileReference; explicitFileType = wrapper.application; includeInIndex = 0; path = "SpartaHack 2016.app"; sourceTree = BUILT_PRODUCTS_DIR; };
		F5373B861B327566007F508C /* Info.plist */ = {isa = PBXFileReference; lastKnownFileType = text.plist.xml; path = Info.plist; sourceTree = "<group>"; };
		F5373B871B327566007F508C /* AppDelegate.swift */ = {isa = PBXFileReference; lastKnownFileType = sourcecode.swift; path = AppDelegate.swift; sourceTree = "<group>"; };
		F5373B891B327566007F508C /* AnnouncementsTableViewController.swift */ = {isa = PBXFileReference; lastKnownFileType = sourcecode.swift; path = AnnouncementsTableViewController.swift; sourceTree = "<group>"; };
		F5373B8E1B327566007F508C /* Base */ = {isa = PBXFileReference; lastKnownFileType = file.storyboard; name = Base; path = Base.lproj/Main.storyboard; sourceTree = "<group>"; };
		F5373B901B327566007F508C /* Images.xcassets */ = {isa = PBXFileReference; lastKnownFileType = folder.assetcatalog; path = Images.xcassets; sourceTree = "<group>"; };
		F5373B931B327566007F508C /* Base */ = {isa = PBXFileReference; lastKnownFileType = file.xib; name = Base; path = Base.lproj/LaunchScreen.xib; sourceTree = "<group>"; };
		F5373B991B327566007F508C /* SpartaHack 2016.xctest */ = {isa = PBXFileReference; explicitFileType = wrapper.cfbundle; includeInIndex = 0; path = "SpartaHack 2016.xctest"; sourceTree = BUILT_PRODUCTS_DIR; };
		F5373B9E1B327566007F508C /* Info.plist */ = {isa = PBXFileReference; lastKnownFileType = text.plist.xml; path = Info.plist; sourceTree = "<group>"; };
		F5373B9F1B327566007F508C /* SpartaHack_IITests.swift */ = {isa = PBXFileReference; lastKnownFileType = sourcecode.swift; path = SpartaHack_IITests.swift; sourceTree = "<group>"; };
		F5373BB51B3275C0007F508C /* AudioToolbox.framework */ = {isa = PBXFileReference; lastKnownFileType = wrapper.framework; name = AudioToolbox.framework; path = System/Library/Frameworks/AudioToolbox.framework; sourceTree = SDKROOT; };
		F5373BB71B3275C9007F508C /* CFNetwork.framework */ = {isa = PBXFileReference; lastKnownFileType = wrapper.framework; name = CFNetwork.framework; path = System/Library/Frameworks/CFNetwork.framework; sourceTree = SDKROOT; };
		F5373BB91B3275D1007F508C /* CoreGraphics.framework */ = {isa = PBXFileReference; lastKnownFileType = wrapper.framework; name = CoreGraphics.framework; path = System/Library/Frameworks/CoreGraphics.framework; sourceTree = SDKROOT; };
		F5373BBB1B3275DA007F508C /* CoreLocation.framework */ = {isa = PBXFileReference; lastKnownFileType = wrapper.framework; name = CoreLocation.framework; path = System/Library/Frameworks/CoreLocation.framework; sourceTree = SDKROOT; };
		F5373BBD1B3275E1007F508C /* MobileCoreServices.framework */ = {isa = PBXFileReference; lastKnownFileType = wrapper.framework; name = MobileCoreServices.framework; path = System/Library/Frameworks/MobileCoreServices.framework; sourceTree = SDKROOT; };
		F5373BBF1B3275E9007F508C /* QuartzCore.framework */ = {isa = PBXFileReference; lastKnownFileType = wrapper.framework; name = QuartzCore.framework; path = System/Library/Frameworks/QuartzCore.framework; sourceTree = SDKROOT; };
		F5373BC11B3275F1007F508C /* Security.framework */ = {isa = PBXFileReference; lastKnownFileType = wrapper.framework; name = Security.framework; path = System/Library/Frameworks/Security.framework; sourceTree = SDKROOT; };
		F5373BC51B327604007F508C /* SystemConfiguration.framework */ = {isa = PBXFileReference; lastKnownFileType = wrapper.framework; name = SystemConfiguration.framework; path = System/Library/Frameworks/SystemConfiguration.framework; sourceTree = SDKROOT; };
		F5373BCF1B366AC6007F508C /* SignupViewController.swift */ = {isa = PBXFileReference; fileEncoding = 4; lastKnownFileType = sourcecode.swift; path = SignupViewController.swift; sourceTree = "<group>"; };
		F5467B801E05BFFE00BE66DA /* keys.plist */ = {isa = PBXFileReference; fileEncoding = 4; lastKnownFileType = text.plist.xml; path = keys.plist; sourceTree = "<group>"; };
		F54F438F1BB63CBE0037EA44 /* AwardsViewController.swift */ = {isa = PBXFileReference; fileEncoding = 4; lastKnownFileType = sourcecode.swift; path = AwardsViewController.swift; sourceTree = "<group>"; };
		F559F6CF1C82516B00C1D4A1 /* SpartaLabel.swift */ = {isa = PBXFileReference; fileEncoding = 4; lastKnownFileType = sourcecode.swift; path = SpartaLabel.swift; sourceTree = "<group>"; };
		F559F6D11C826C2800C1D4A1 /* SpartaTextField.swift */ = {isa = PBXFileReference; fileEncoding = 4; lastKnownFileType = sourcecode.swift; path = SpartaTextField.swift; sourceTree = "<group>"; };
		F574CE521C7380A30032203C /* map.pdf */ = {isa = PBXFileReference; lastKnownFileType = image.pdf; path = map.pdf; sourceTree = "<group>"; };
		F57BA33D1C288BB6000E0381 /* libsqlite3.tbd */ = {isa = PBXFileReference; lastKnownFileType = "sourcecode.text-based-dylib-definition"; name = libsqlite3.tbd; path = usr/lib/libsqlite3.tbd; sourceTree = SDKROOT; };
		F57BA33F1C288BCC000E0381 /* libz.tbd */ = {isa = PBXFileReference; lastKnownFileType = "sourcecode.text-based-dylib-definition"; name = libz.tbd; path = usr/lib/libz.tbd; sourceTree = SDKROOT; };
		F58BE28E1C5C16DC0000696B /* SpartaHack 2016-Bridging-Header.h */ = {isa = PBXFileReference; lastKnownFileType = sourcecode.c.h; path = "SpartaHack 2016-Bridging-Header.h"; sourceTree = "<group>"; };
		F58BE28F1C5C16DD0000696B /* UIColor+SpartaColor.h */ = {isa = PBXFileReference; fileEncoding = 4; lastKnownFileType = sourcecode.c.h; path = "UIColor+SpartaColor.h"; sourceTree = "<group>"; };
		F58BE2901C5C16DD0000696B /* UIColor+SpartaColor.m */ = {isa = PBXFileReference; fileEncoding = 4; lastKnownFileType = sourcecode.c.objc; path = "UIColor+SpartaColor.m"; sourceTree = "<group>"; };
		F591B2341C2DE25F00F1512D /* MapViewController.swift */ = {isa = PBXFileReference; fileEncoding = 4; lastKnownFileType = sourcecode.swift; path = MapViewController.swift; sourceTree = "<group>"; };
		F591B2361C2DE27100F1512D /* ScheduleViewController.swift */ = {isa = PBXFileReference; fileEncoding = 4; lastKnownFileType = sourcecode.swift; lineEnding = 0; path = ScheduleViewController.swift; sourceTree = "<group>"; usesTabs = 0; };
		F591B2391C2DE2B800F1512D /* GuideViewController.swift */ = {isa = PBXFileReference; fileEncoding = 4; lastKnownFileType = sourcecode.swift; path = GuideViewController.swift; sourceTree = "<group>"; };
		F59693771DB41DB600B830DD /* Announcements.swift */ = {isa = PBXFileReference; fileEncoding = 4; lastKnownFileType = sourcecode.swift; path = Announcements.swift; sourceTree = "<group>"; };
		F59693781DB41DB600B830DD /* Announcement.swift */ = {isa = PBXFileReference; fileEncoding = 4; lastKnownFileType = sourcecode.swift; path = Announcement.swift; sourceTree = "<group>"; };
		F59693791DB41DB600B830DD /* SpartaModel.swift */ = {isa = PBXFileReference; fileEncoding = 4; lastKnownFileType = sourcecode.swift; path = SpartaModel.swift; sourceTree = "<group>"; };
		F599B44F1C66BF84008E1E6D /* ScanViewController.swift */ = {isa = PBXFileReference; fileEncoding = 4; lastKnownFileType = sourcecode.swift; path = ScanViewController.swift; sourceTree = "<group>"; };
		F5AE537B1C3092740030BCCA /* PrizesViewController.swift */ = {isa = PBXFileReference; fileEncoding = 4; lastKnownFileType = sourcecode.swift; path = PrizesViewController.swift; sourceTree = "<group>"; };
		F5AE537D1C3092800030BCCA /* SponsorsViewController.swift */ = {isa = PBXFileReference; fileEncoding = 4; lastKnownFileType = sourcecode.swift; path = SponsorsViewController.swift; sourceTree = "<group>"; };
		F5AE53831C3234A30030BCCA /* ios-map.pdf */ = {isa = PBXFileReference; lastKnownFileType = image.pdf; path = "ios-map.pdf"; sourceTree = "<group>"; };
		F5BD16B71C66E35700BB7201 /* CheckInUserViewController.swift */ = {isa = PBXFileReference; fileEncoding = 4; lastKnownFileType = sourcecode.swift; path = CheckInUserViewController.swift; sourceTree = "<group>"; };
		F5C73CD01DBD37E50055C921 /* Schedule.swift */ = {isa = PBXFileReference; fileEncoding = 4; lastKnownFileType = sourcecode.swift; path = Schedule.swift; sourceTree = "<group>"; };
		F5C73CD21DBD37EC0055C921 /* Event.swift */ = {isa = PBXFileReference; fileEncoding = 4; lastKnownFileType = sourcecode.swift; path = Event.swift; sourceTree = "<group>"; };
/* End PBXFileReference section */

/* Begin PBXFrameworksBuildPhase section */
		F5373B7F1B327566007F508C /* Frameworks */ = {
			isa = PBXFrameworksBuildPhase;
			buildActionMask = 2147483647;
			files = (
				F50EE5A51DCFCBF800A57BED /* Alamofire.framework in Frameworks */,
				F5046D101D6FCBD3004A9898 /* AVFoundation.framework in Frameworks */,
				F5373BC01B3275E9007F508C /* QuartzCore.framework in Frameworks */,
				F5373BBC1B3275DA007F508C /* CoreLocation.framework in Frameworks */,
				F5373BBA1B3275D1007F508C /* CoreGraphics.framework in Frameworks */,
				F5373BB81B3275C9007F508C /* CFNetwork.framework in Frameworks */,
				F5373BB61B3275C0007F508C /* AudioToolbox.framework in Frameworks */,
			);
			runOnlyForDeploymentPostprocessing = 0;
		};
		F5373B961B327566007F508C /* Frameworks */ = {
			isa = PBXFrameworksBuildPhase;
			buildActionMask = 2147483647;
			files = (
			);
			runOnlyForDeploymentPostprocessing = 0;
		};
/* End PBXFrameworksBuildPhase section */

/* Begin PBXGroup section */
		C23B6D511E12CEF600B419CA /* User */ = {
			isa = PBXGroup;
			children = (
				C23B6D5A1E12CFD900B419CA /* LoginViewController.swift */,
				C29C3BAA1E2040AB00284A4D /* ProfileViewController.swift */,
			);
			name = User;
			sourceTree = "<group>";
		};
		C287A8D41DF4C7CC003964A0 /* SpartaTableViewHeaderCell */ = {
			isa = PBXGroup;
			children = (
				C29D167E1DE8A7D100AA20A8 /* SpartaTableViewHeaderCell.xib */,
				C287A8D51DF4C7F5003964A0 /* SpartaTableViewHeaderCell.swift */,
			);
			name = SpartaTableViewHeaderCell;
			sourceTree = "<group>";
		};
		C29D167D1DE8A6C200AA20A8 /* Schedule */ = {
			isa = PBXGroup;
			children = (
				F591B2361C2DE27100F1512D /* ScheduleViewController.swift */,
			);
			name = Schedule;
			sourceTree = "<group>";
		};
		C2D33BC01DEFCE4800EF3013 /* Announcements */ = {
			isa = PBXGroup;
			children = (
				F5373B891B327566007F508C /* AnnouncementsTableViewController.swift */,
			);
			name = Announcements;
			sourceTree = "<group>";
		};
		C2D33BCA1DEFE79900EF3013 /* SpartaTableViewCell */ = {
			isa = PBXGroup;
			children = (
				F51382B01DA6C154008F1FCE /* SpartaTableViewCell.xib */,
				C287A8D21DF4C2BE003964A0 /* SpartaTableViewCell.swift */,
			);
			name = SpartaTableViewCell;
			sourceTree = "<group>";
		};
		F5046D0E1D6FCBD3004A9898 /* Frameworks */ = {
			isa = PBXGroup;
			children = (
				F5046D0F1D6FCBD3004A9898 /* AVFoundation.framework */,
			);
			name = Frameworks;
			sourceTree = "<group>";
		};
		F50EE5811DCEC65200A57BED /* Map */ = {
			isa = PBXGroup;
			children = (
				F50EE5781DCEC64800A57BED /* Map.swift */,
			);
			name = Map;
			sourceTree = "<group>";
		};
		F50EE5831DCFC75B00A57BED /* Products */ = {
			isa = PBXGroup;
			children = (
				F50EE58E1DCFC75B00A57BED /* Alamofire.framework */,
				F50EE5901DCFC75B00A57BED /* Alamofire iOS Tests.xctest */,
				F50EE5921DCFC75B00A57BED /* Alamofire.framework */,
				F50EE5941DCFC75B00A57BED /* Alamofire macOS Tests.xctest */,
				F50EE5961DCFC75B00A57BED /* Alamofire.framework */,
				F50EE5981DCFC75B00A57BED /* Alamofire tvOS Tests.xctest */,
				F50EE59A1DCFC75B00A57BED /* Alamofire.framework */,
			);
			name = Products;
			sourceTree = "<group>";
		};
		F51382AE1DA6C019008F1FCE /* Views */ = {
			isa = PBXGroup;
			children = (
				C287A8D41DF4C7CC003964A0 /* SpartaTableViewHeaderCell */,
				C2D33BCA1DEFE79900EF3013 /* SpartaTableViewCell */,
				F58BE28F1C5C16DD0000696B /* UIColor+SpartaColor.h */,
				F58BE2901C5C16DD0000696B /* UIColor+SpartaColor.m */,
				F51382AF1DA6C024008F1FCE /* Announcements */,
				F51382B21DA6C25A008F1FCE /* Schedule */,
				F51382B51DA6C33D008F1FCE /* Prizes */,
				F51382B81DA6C3D3008F1FCE /* Map */,
				F51382BB1DA6C457008F1FCE /* Sponsors */,
				F51382CC1DA6C65B008F1FCE /* Profile */,
				F51382C91DA6C617008F1FCE /* Checkin */,
				C237F33C1E144369005C011D /* RefreshView.xib */,
			);
			name = Views;
			sourceTree = "<group>";
		};
		F51382AF1DA6C024008F1FCE /* Announcements */ = {
			isa = PBXGroup;
			children = (
			);
			name = Announcements;
			sourceTree = "<group>";
		};
		F51382B21DA6C25A008F1FCE /* Schedule */ = {
			isa = PBXGroup;
			children = (
				F51382B31DA6C321008F1FCE /* ScheduleTableViewCell.xib */,
				C279F4561E17082700E54E93 /* ScheduleTableViewCell.swift */,
			);
			name = Schedule;
			sourceTree = "<group>";
		};
		F51382B51DA6C33D008F1FCE /* Prizes */ = {
			isa = PBXGroup;
			children = (
				F51382B61DA6C356008F1FCE /* PrizesTableViewCell.xib */,
			);
			name = Prizes;
			sourceTree = "<group>";
		};
		F51382B81DA6C3D3008F1FCE /* Map */ = {
			isa = PBXGroup;
			children = (
				F51968DF1DD652810026BA06 /* MapView.swift */,
				F51382B91DA6C405008F1FCE /* MapWebView.xib */,
			);
			name = Map;
			sourceTree = "<group>";
		};
		F51382BB1DA6C457008F1FCE /* Sponsors */ = {
			isa = PBXGroup;
			children = (
				F51382BC1DA6C48E008F1FCE /* SponsorsCollectionView.xib */,
				F51382BE1DA6C49A008F1FCE /* SponsorsCollectionViewCell.xib */,
			);
			name = Sponsors;
			sourceTree = "<group>";
		};
		F51382C91DA6C617008F1FCE /* Checkin */ = {
			isa = PBXGroup;
			children = (
				F51382CA1DA6C634008F1FCE /* CheckinView.xib */,
			);
			name = Checkin;
			sourceTree = "<group>";
		};
		F51382CC1DA6C65B008F1FCE /* Profile */ = {
			isa = PBXGroup;
			children = (
				F51382CD1DA6C688008F1FCE /* ProfileTableView.xib */,
				F51382D11DA6C702008F1FCE /* ProfilePictureCell.xib */,
				F51382CF1DA6C6CA008F1FCE /* ProfileNameTableViewCell.xib */,
				F51382D31DA6C71D008F1FCE /* ProfileInfoCell.xib */,
			);
			name = Profile;
			sourceTree = "<group>";
		};
		F51968E31DD660F00026BA06 /* Sponsors */ = {
			isa = PBXGroup;
			children = (
				F51968E11DD660EC0026BA06 /* Sponsors.swift */,
				F51968E41DD661490026BA06 /* Sponsor.swift */,
			);
			name = Sponsors;
			sourceTree = "<group>";
		};
		F51968E81DD66CFB0026BA06 /* Prizes */ = {
			isa = PBXGroup;
			children = (
				F51968E61DD66CF70026BA06 /* Prizes.swift */,
				F51968E91DD66EB00026BA06 /* Prize.swift */,
			);
			name = Prizes;
			sourceTree = "<group>";
		};
		F5373B791B327566007F508C = {
			isa = PBXGroup;
			children = (
				F50EE5821DCFC75B00A57BED /* Alamofire.xcodeproj */,
				F5373B841B327566007F508C /* SpartaHack II */,
				F5373B9C1B327566007F508C /* SpartaHack IITests */,
				F5373B831B327566007F508C /* Products */,
				F5046D0E1D6FCBD3004A9898 /* Frameworks */,
			);
			sourceTree = "<group>";
		};
		F5373B831B327566007F508C /* Products */ = {
			isa = PBXGroup;
			children = (
				F5373B821B327566007F508C /* SpartaHack 2016.app */,
				F5373B991B327566007F508C /* SpartaHack 2016.xctest */,
			);
			name = Products;
			sourceTree = "<group>";
		};
		F5373B841B327566007F508C /* SpartaHack II */ = {
			isa = PBXGroup;
			children = (
				F5373B871B327566007F508C /* AppDelegate.swift */,
				F596937D1DB41DBA00B830DD /* Model */,
				F559F6CF1C82516B00C1D4A1 /* SpartaLabel.swift */,
				C29683011DA6FC4D00FF9982 /* SpartaTabBarViewController.swift */,
				F559F6D11C826C2800C1D4A1 /* SpartaTextField.swift */,
				F50B84241C728C5500CCBEBC /* UITextFieldLimit.h */,
				F50B84251C728C5E00CCBEBC /* UITextFieldLimit.m */,
				C29683031DA7004000FF9982 /* Theme.swift */,
				F5373BCE1B327BB6007F508C /* ViewControllers */,
				F51382AE1DA6C019008F1FCE /* Views */,
				F5373B901B327566007F508C /* Images.xcassets */,
				F5373B8D1B327566007F508C /* Main.storyboard */,
				F5373B921B327566007F508C /* LaunchScreen.xib */,
				F5AE53831C3234A30030BCCA /* ios-map.pdf */,
				F5373B851B327566007F508C /* Supporting Files */,
				F58BE28E1C5C16DC0000696B /* SpartaHack 2016-Bridging-Header.h */,
				4331AB8D1C79040C00424B12 /* NSDateExtension.swift */,
				C2D33BC61DEFDF0200EF3013 /* SpartaNavigationBar.swift */,
				C2417EBD1E08CB100012BC9F /* keys.plist */,
			);
			path = "SpartaHack II";
			sourceTree = "<group>";
		};
		F5373B851B327566007F508C /* Supporting Files */ = {
			isa = PBXGroup;
			children = (
				C2D33BBD1DEFCCB700EF3013 /* Lato-Light.ttf */,
				C2D33BBE1DEFCCB700EF3013 /* Lato-Regular.ttf */,
				C2D33BBF1DEFCCB700EF3013 /* Nemoy-Light.ttf */,
				C2D33BC41DEFD0B900EF3013 /* Nemoy-Medium.ttf */,
				F5467B801E05BFFE00BE66DA /* keys.plist */,
				F574CE521C7380A30032203C /* map.pdf */,
				F57BA33F1C288BCC000E0381 /* libz.tbd */,
				F57BA33D1C288BB6000E0381 /* libsqlite3.tbd */,
				F5373BC51B327604007F508C /* SystemConfiguration.framework */,
				F5373BC11B3275F1007F508C /* Security.framework */,
				F5373BBF1B3275E9007F508C /* QuartzCore.framework */,
				F5373BBD1B3275E1007F508C /* MobileCoreServices.framework */,
				F5373BBB1B3275DA007F508C /* CoreLocation.framework */,
				F5373BB91B3275D1007F508C /* CoreGraphics.framework */,
				F5373BB71B3275C9007F508C /* CFNetwork.framework */,
				F5373BB51B3275C0007F508C /* AudioToolbox.framework */,
				F5373B861B327566007F508C /* Info.plist */,
			);
			name = "Supporting Files";
			sourceTree = "<group>";
		};
		F5373B9C1B327566007F508C /* SpartaHack IITests */ = {
			isa = PBXGroup;
			children = (
				F5373B9F1B327566007F508C /* SpartaHack_IITests.swift */,
				F5373B9D1B327566007F508C /* Supporting Files */,
			);
			path = "SpartaHack IITests";
			sourceTree = "<group>";
		};
		F5373B9D1B327566007F508C /* Supporting Files */ = {
			isa = PBXGroup;
			children = (
				F5373B9E1B327566007F508C /* Info.plist */,
			);
			name = "Supporting Files";
			sourceTree = "<group>";
		};
		F5373BCE1B327BB6007F508C /* ViewControllers */ = {
			isa = PBXGroup;
			children = (
				C23B6D511E12CEF600B419CA /* User */,
				C2EFC02C1E00D2FE0013E22D /* SpartaTableViewController.swift */,
				C2D33BC01DEFCE4800EF3013 /* Announcements */,
				C29D167D1DE8A6C200AA20A8 /* Schedule */,
				F5C351A31C6DA48200B0D0FE /* Mentor */,
				F591B2381C2DE27600F1512D /* Guide View Controllers */,
				F5AE53801C30928F0030BCCA /* Prizes */,
				F5373BCF1B366AC6007F508C /* SignupViewController.swift */,
				F5C351A41C6DA48F00B0D0FE /* Volunteer */,
			);
			name = ViewControllers;
			sourceTree = "<group>";
		};
		F5602C221DE8D89D00227700 /* User */ = {
			isa = PBXGroup;
			children = (
				C2417EB11E08CA8E0012BC9F /* User.swift */,
			);
			name = User;
			sourceTree = "<group>";
		};
		F591B2381C2DE27600F1512D /* Guide View Controllers */ = {
			isa = PBXGroup;
			children = (
				F591B2391C2DE2B800F1512D /* GuideViewController.swift */,
				F591B2341C2DE25F00F1512D /* MapViewController.swift */,
			);
			name = "Guide View Controllers";
			sourceTree = "<group>";
		};
		F596937D1DB41DBA00B830DD /* Model */ = {
			isa = PBXGroup;
			children = (
				F59693791DB41DB600B830DD /* SpartaModel.swift */,
				F596937E1DB41DC200B830DD /* Announcements */,
				F5C73CD41DBD37F10055C921 /* Schedule */,
				F50EE5811DCEC65200A57BED /* Map */,
				F51968E31DD660F00026BA06 /* Sponsors */,
				F51968E81DD66CFB0026BA06 /* Prizes */,
				F5602C221DE8D89D00227700 /* User */,
			);
			name = Model;
			sourceTree = "<group>";
		};
		F596937E1DB41DC200B830DD /* Announcements */ = {
			isa = PBXGroup;
			children = (
				F59693771DB41DB600B830DD /* Announcements.swift */,
				F59693781DB41DB600B830DD /* Announcement.swift */,
			);
			name = Announcements;
			sourceTree = "<group>";
		};
		F5AE53801C30928F0030BCCA /* Prizes */ = {
			isa = PBXGroup;
			children = (
				F54F438F1BB63CBE0037EA44 /* AwardsViewController.swift */,
				F5AE537B1C3092740030BCCA /* PrizesViewController.swift */,
				F5AE537D1C3092800030BCCA /* SponsorsViewController.swift */,
			);
			name = Prizes;
			sourceTree = "<group>";
		};
		F5C351A31C6DA48200B0D0FE /* Mentor */ = {
			isa = PBXGroup;
			children = (
				C2417EBB1E08CADF0012BC9F /* MentorshipViewController.swift */,
			);
			name = Mentor;
			sourceTree = "<group>";
		};
		F5C351A41C6DA48F00B0D0FE /* Volunteer */ = {
			isa = PBXGroup;
			children = (
				F599B44F1C66BF84008E1E6D /* ScanViewController.swift */,
				F5BD16B71C66E35700BB7201 /* CheckInUserViewController.swift */,
			);
			name = Volunteer;
			sourceTree = "<group>";
		};
		F5C73CD41DBD37F10055C921 /* Schedule */ = {
			isa = PBXGroup;
			children = (
				F5C73CD01DBD37E50055C921 /* Schedule.swift */,
				F5C73CD21DBD37EC0055C921 /* Event.swift */,
			);
			name = Schedule;
			sourceTree = "<group>";
		};
/* End PBXGroup section */

/* Begin PBXNativeTarget section */
		F5373B811B327566007F508C /* SpartaHack 2016 */ = {
			isa = PBXNativeTarget;
			buildConfigurationList = F5373BA31B327566007F508C /* Build configuration list for PBXNativeTarget "SpartaHack 2016" */;
			buildPhases = (
				F5373B7E1B327566007F508C /* Sources */,
				F5373B7F1B327566007F508C /* Frameworks */,
				F5373B801B327566007F508C /* Resources */,
				F5C73CCF1DBD16980055C921 /* Embed Frameworks */,
			);
			buildRules = (
			);
			dependencies = (
				F51968DE1DD64A0B0026BA06 /* PBXTargetDependency */,
			);
			name = "SpartaHack 2016";
			productName = "SpartaHack II";
			productReference = F5373B821B327566007F508C /* SpartaHack 2016.app */;
			productType = "com.apple.product-type.application";
		};
		F5373B981B327566007F508C /* SpartaHack 2016Tests */ = {
			isa = PBXNativeTarget;
			buildConfigurationList = F5373BA61B327566007F508C /* Build configuration list for PBXNativeTarget "SpartaHack 2016Tests" */;
			buildPhases = (
				F5373B951B327566007F508C /* Sources */,
				F5373B961B327566007F508C /* Frameworks */,
				F5373B971B327566007F508C /* Resources */,
			);
			buildRules = (
			);
			dependencies = (
				F5373B9B1B327566007F508C /* PBXTargetDependency */,
			);
			name = "SpartaHack 2016Tests";
			productName = "SpartaHack IITests";
			productReference = F5373B991B327566007F508C /* SpartaHack 2016.xctest */;
			productType = "com.apple.product-type.bundle.unit-test";
		};
/* End PBXNativeTarget section */

/* Begin PBXProject section */
		F5373B7A1B327566007F508C /* Project object */ = {
			isa = PBXProject;
			attributes = {
				KnownAssetTags = (
					1,
					2,
				);
				LastSwiftUpdateCheck = 0720;
				LastUpgradeCheck = 0800;
				ORGANIZATIONNAME = "Chris McGrath";
				TargetAttributes = {
					F5373B811B327566007F508C = {
						CreatedOnToolsVersion = 6.3.2;
						DevelopmentTeam = 9WKPZL7H2V;
						LastSwiftMigration = 0800;
						SystemCapabilities = {
							com.apple.InAppPurchase = {
								enabled = 0;
							};
							com.apple.Push = {
								enabled = 0;
							};
						};
					};
					F5373B981B327566007F508C = {
						CreatedOnToolsVersion = 6.3.2;
						DevelopmentTeam = V6R9L68573;
						LastSwiftMigration = 0800;
						TestTargetID = F5373B811B327566007F508C;
					};
				};
			};
			buildConfigurationList = F5373B7D1B327566007F508C /* Build configuration list for PBXProject "SpartaHack 2016" */;
			compatibilityVersion = "Xcode 3.2";
			developmentRegion = English;
			hasScannedForEncodings = 0;
			knownRegions = (
				en,
				Base,
			);
			mainGroup = F5373B791B327566007F508C;
			productRefGroup = F5373B831B327566007F508C /* Products */;
			projectDirPath = "";
			projectReferences = (
				{
					ProductGroup = F50EE5831DCFC75B00A57BED /* Products */;
					ProjectRef = F50EE5821DCFC75B00A57BED /* Alamofire.xcodeproj */;
				},
			);
			projectRoot = "";
			targets = (
				F5373B811B327566007F508C /* SpartaHack 2016 */,
				F5373B981B327566007F508C /* SpartaHack 2016Tests */,
			);
		};
/* End PBXProject section */

/* Begin PBXReferenceProxy section */
		F50EE58E1DCFC75B00A57BED /* Alamofire.framework */ = {
			isa = PBXReferenceProxy;
			fileType = wrapper.framework;
			path = Alamofire.framework;
			remoteRef = F50EE58D1DCFC75B00A57BED /* PBXContainerItemProxy */;
			sourceTree = BUILT_PRODUCTS_DIR;
		};
		F50EE5901DCFC75B00A57BED /* Alamofire iOS Tests.xctest */ = {
			isa = PBXReferenceProxy;
			fileType = wrapper.cfbundle;
			path = "Alamofire iOS Tests.xctest";
			remoteRef = F50EE58F1DCFC75B00A57BED /* PBXContainerItemProxy */;
			sourceTree = BUILT_PRODUCTS_DIR;
		};
		F50EE5921DCFC75B00A57BED /* Alamofire.framework */ = {
			isa = PBXReferenceProxy;
			fileType = wrapper.framework;
			path = Alamofire.framework;
			remoteRef = F50EE5911DCFC75B00A57BED /* PBXContainerItemProxy */;
			sourceTree = BUILT_PRODUCTS_DIR;
		};
		F50EE5941DCFC75B00A57BED /* Alamofire macOS Tests.xctest */ = {
			isa = PBXReferenceProxy;
			fileType = wrapper.cfbundle;
			path = "Alamofire macOS Tests.xctest";
			remoteRef = F50EE5931DCFC75B00A57BED /* PBXContainerItemProxy */;
			sourceTree = BUILT_PRODUCTS_DIR;
		};
		F50EE5961DCFC75B00A57BED /* Alamofire.framework */ = {
			isa = PBXReferenceProxy;
			fileType = wrapper.framework;
			path = Alamofire.framework;
			remoteRef = F50EE5951DCFC75B00A57BED /* PBXContainerItemProxy */;
			sourceTree = BUILT_PRODUCTS_DIR;
		};
		F50EE5981DCFC75B00A57BED /* Alamofire tvOS Tests.xctest */ = {
			isa = PBXReferenceProxy;
			fileType = wrapper.cfbundle;
			path = "Alamofire tvOS Tests.xctest";
			remoteRef = F50EE5971DCFC75B00A57BED /* PBXContainerItemProxy */;
			sourceTree = BUILT_PRODUCTS_DIR;
		};
		F50EE59A1DCFC75B00A57BED /* Alamofire.framework */ = {
			isa = PBXReferenceProxy;
			fileType = wrapper.framework;
			path = Alamofire.framework;
			remoteRef = F50EE5991DCFC75B00A57BED /* PBXContainerItemProxy */;
			sourceTree = BUILT_PRODUCTS_DIR;
		};
/* End PBXReferenceProxy section */

/* Begin PBXResourcesBuildPhase section */
		F5373B801B327566007F508C /* Resources */ = {
			isa = PBXResourcesBuildPhase;
			buildActionMask = 2147483647;
			files = (
				C2D33BC51DEFD0E600EF3013 /* Nemoy-Medium.ttf in Resources */,
				C2D33BC31DEFD01900EF3013 /* Lato-Regular.ttf in Resources */,
				C2D33BC21DEFD01600EF3013 /* Lato-Light.ttf in Resources */,
				C2D33BC11DEFD01000EF3013 /* Nemoy-Light.ttf in Resources */,
				F51382B71DA6C356008F1FCE /* PrizesTableViewCell.xib in Resources */,
				F5AE53841C3234A30030BCCA /* ios-map.pdf in Resources */,
				F51382D01DA6C6CA008F1FCE /* ProfileNameTableViewCell.xib in Resources */,
				F5373B8F1B327566007F508C /* Main.storyboard in Resources */,
				C237F33D1E144369005C011D /* RefreshView.xib in Resources */,
				C29D167F1DE8A7D100AA20A8 /* SpartaTableViewHeaderCell.xib in Resources */,
				F5373B941B327566007F508C /* LaunchScreen.xib in Resources */,
				F51382D41DA6C71D008F1FCE /* ProfileInfoCell.xib in Resources */,
				F51382D21DA6C702008F1FCE /* ProfilePictureCell.xib in Resources */,
				F5373B911B327566007F508C /* Images.xcassets in Resources */,
				F51382BF1DA6C49A008F1FCE /* SponsorsCollectionViewCell.xib in Resources */,
				F51382B41DA6C321008F1FCE /* ScheduleTableViewCell.xib in Resources */,
				F51382BA1DA6C405008F1FCE /* MapWebView.xib in Resources */,
				F574CE531C7380A30032203C /* map.pdf in Resources */,
				F51382CB1DA6C634008F1FCE /* CheckinView.xib in Resources */,
				F51382CE1DA6C688008F1FCE /* ProfileTableView.xib in Resources */,
				F5467B811E05BFFE00BE66DA /* keys.plist in Resources */,
				F51382BD1DA6C48E008F1FCE /* SponsorsCollectionView.xib in Resources */,
				F51382B11DA6C154008F1FCE /* SpartaTableViewCell.xib in Resources */,
				C2417EBE1E08CB100012BC9F /* keys.plist in Resources */,
			);
			runOnlyForDeploymentPostprocessing = 0;
		};
		F5373B971B327566007F508C /* Resources */ = {
			isa = PBXResourcesBuildPhase;
			buildActionMask = 2147483647;
			files = (
			);
			runOnlyForDeploymentPostprocessing = 0;
		};
/* End PBXResourcesBuildPhase section */

/* Begin PBXSourcesBuildPhase section */
		F5373B7E1B327566007F508C /* Sources */ = {
			isa = PBXSourcesBuildPhase;
			buildActionMask = 2147483647;
			files = (
				C237F3461E146F4B005C011D /* RefreshView.xib in Sources */,
				F51968EA1DD66EB00026BA06 /* Prize.swift in Sources */,
				F5AE537E1C3092800030BCCA /* SponsorsViewController.swift in Sources */,
				F51968E01DD652810026BA06 /* MapView.swift in Sources */,
				F5AE537C1C3092740030BCCA /* PrizesViewController.swift in Sources */,
				F51968E71DD66CF70026BA06 /* Prizes.swift in Sources */,
				C287A8D31DF4C2BE003964A0 /* SpartaTableViewCell.swift in Sources */,
				C2417EBC1E08CADF0012BC9F /* MentorshipViewController.swift in Sources */,
				C2D33BC71DEFDF0200EF3013 /* SpartaNavigationBar.swift in Sources */,
				F596937B1DB41DB600B830DD /* Announcement.swift in Sources */,
				C23B6D5B1E12CFD900B419CA /* LoginViewController.swift in Sources */,
				F5BD16B81C66E35700BB7201 /* CheckInUserViewController.swift in Sources */,
				F5373BD01B366AC6007F508C /* SignupViewController.swift in Sources */,
				F599B4501C66BF84008E1E6D /* ScanViewController.swift in Sources */,
				C279F4571E17082700E54E93 /* ScheduleTableViewCell.swift in Sources */,
				4331AB8E1C79040C00424B12 /* NSDateExtension.swift in Sources */,
				F559F6D01C82516B00C1D4A1 /* SpartaLabel.swift in Sources */,
				F5C73CD31DBD37EC0055C921 /* Event.swift in Sources */,
				F591B2351C2DE25F00F1512D /* MapViewController.swift in Sources */,
				F591B2371C2DE27100F1512D /* ScheduleViewController.swift in Sources */,
				F50B84261C728C5E00CCBEBC /* UITextFieldLimit.m in Sources */,
				F5C73CD11DBD37E50055C921 /* Schedule.swift in Sources */,
				F596937A1DB41DB600B830DD /* Announcements.swift in Sources */,
				F5602C1A1DE8D89500227700 /* (null) in Sources */,
				C29683041DA7004000FF9982 /* Theme.swift in Sources */,
				C2417EB21E08CA8E0012BC9F /* User.swift in Sources */,
				C29683021DA6FC4D00FF9982 /* SpartaTabBarViewController.swift in Sources */,
				F50EE5791DCEC64800A57BED /* Map.swift in Sources */,
				C2EFC02D1E00D2FF0013E22D /* SpartaTableViewController.swift in Sources */,
				F51968E51DD661490026BA06 /* Sponsor.swift in Sources */,
				F58BE2911C5C16DD0000696B /* UIColor+SpartaColor.m in Sources */,
				F591B23A1C2DE2B800F1512D /* GuideViewController.swift in Sources */,
				F51968E21DD660EC0026BA06 /* Sponsors.swift in Sources */,
				F5373B881B327566007F508C /* AppDelegate.swift in Sources */,
				F559F6D21C826C2800C1D4A1 /* SpartaTextField.swift in Sources */,
				C29C3BAB1E2040AB00284A4D /* ProfileViewController.swift in Sources */,
				C287A8D61DF4C7F5003964A0 /* SpartaTableViewHeaderCell.swift in Sources */,
				F54F43901BB63CBE0037EA44 /* AwardsViewController.swift in Sources */,
				F5373B8A1B327566007F508C /* AnnouncementsTableViewController.swift in Sources */,
				F596937C1DB41DB600B830DD /* SpartaModel.swift in Sources */,
			);
			runOnlyForDeploymentPostprocessing = 0;
		};
		F5373B951B327566007F508C /* Sources */ = {
			isa = PBXSourcesBuildPhase;
			buildActionMask = 2147483647;
			files = (
				F5373BA01B327566007F508C /* SpartaHack_IITests.swift in Sources */,
			);
			runOnlyForDeploymentPostprocessing = 0;
		};
/* End PBXSourcesBuildPhase section */

/* Begin PBXTargetDependency section */
		F51968DE1DD64A0B0026BA06 /* PBXTargetDependency */ = {
			isa = PBXTargetDependency;
			name = "Alamofire iOS";
		};
		F5373B9B1B327566007F508C /* PBXTargetDependency */ = {
			isa = PBXTargetDependency;
			target = F5373B811B327566007F508C /* SpartaHack 2016 */;
			targetProxy = F5373B9A1B327566007F508C /* PBXContainerItemProxy */;
		};
/* End PBXTargetDependency section */

/* Begin PBXVariantGroup section */
		F5373B8D1B327566007F508C /* Main.storyboard */ = {
			isa = PBXVariantGroup;
			children = (
				F5373B8E1B327566007F508C /* Base */,
			);
			name = Main.storyboard;
			sourceTree = "<group>";
		};
		F5373B921B327566007F508C /* LaunchScreen.xib */ = {
			isa = PBXVariantGroup;
			children = (
				F5373B931B327566007F508C /* Base */,
			);
			name = LaunchScreen.xib;
			sourceTree = "<group>";
		};
/* End PBXVariantGroup section */

/* Begin XCBuildConfiguration section */
		F5373BA11B327566007F508C /* Debug */ = {
			isa = XCBuildConfiguration;
			buildSettings = {
				ALWAYS_SEARCH_USER_PATHS = NO;
				CLANG_CXX_LANGUAGE_STANDARD = "gnu++0x";
				CLANG_CXX_LIBRARY = "libc++";
				CLANG_ENABLE_MODULES = YES;
				CLANG_ENABLE_OBJC_ARC = YES;
				CLANG_WARN_BOOL_CONVERSION = YES;
				CLANG_WARN_CONSTANT_CONVERSION = YES;
				CLANG_WARN_DIRECT_OBJC_ISA_USAGE = YES_ERROR;
				CLANG_WARN_EMPTY_BODY = YES;
				CLANG_WARN_ENUM_CONVERSION = YES;
				CLANG_WARN_INFINITE_RECURSION = YES;
				CLANG_WARN_INT_CONVERSION = YES;
				CLANG_WARN_OBJC_ROOT_CLASS = YES_ERROR;
				CLANG_WARN_SUSPICIOUS_MOVE = YES;
				CLANG_WARN_UNREACHABLE_CODE = YES;
				CLANG_WARN__DUPLICATE_METHOD_MATCH = YES;
				CODE_SIGN_IDENTITY = "iPhone Distribution: Christopher McGrath (V6R9L68573)";
				"CODE_SIGN_IDENTITY[sdk=iphoneos*]" = "iPhone Developer";
				COPY_PHASE_STRIP = NO;
				DEBUG_INFORMATION_FORMAT = "dwarf-with-dsym";
				ENABLE_BITCODE = NO;
				ENABLE_STRICT_OBJC_MSGSEND = YES;
				ENABLE_TESTABILITY = YES;
				GCC_C_LANGUAGE_STANDARD = gnu99;
				GCC_DYNAMIC_NO_PIC = NO;
				GCC_NO_COMMON_BLOCKS = YES;
				GCC_OPTIMIZATION_LEVEL = 0;
				GCC_PREPROCESSOR_DEFINITIONS = (
					"DEBUG=1",
					"$(inherited)",
				);
				GCC_SYMBOLS_PRIVATE_EXTERN = NO;
				GCC_WARN_64_TO_32_BIT_CONVERSION = YES;
				GCC_WARN_ABOUT_RETURN_TYPE = YES_ERROR;
				GCC_WARN_UNDECLARED_SELECTOR = YES;
				GCC_WARN_UNINITIALIZED_AUTOS = YES_AGGRESSIVE;
				GCC_WARN_UNUSED_FUNCTION = YES;
				GCC_WARN_UNUSED_VARIABLE = YES;
				IPHONEOS_DEPLOYMENT_TARGET = 9.3;
				MTL_ENABLE_DEBUG_INFO = YES;
				ONLY_ACTIVE_ARCH = YES;
				PROVISIONING_PROFILE = "cb8ba8ab-1876-47c0-b235-6e1558ebf8f3";
				SDKROOT = iphoneos;
				SWIFT_OPTIMIZATION_LEVEL = "-Onone";
				TARGETED_DEVICE_FAMILY = "1,2";
			};
			name = Debug;
		};
		F5373BA21B327566007F508C /* Release */ = {
			isa = XCBuildConfiguration;
			buildSettings = {
				ALWAYS_SEARCH_USER_PATHS = NO;
				CLANG_CXX_LANGUAGE_STANDARD = "gnu++0x";
				CLANG_CXX_LIBRARY = "libc++";
				CLANG_ENABLE_MODULES = YES;
				CLANG_ENABLE_OBJC_ARC = YES;
				CLANG_WARN_BOOL_CONVERSION = YES;
				CLANG_WARN_CONSTANT_CONVERSION = YES;
				CLANG_WARN_DIRECT_OBJC_ISA_USAGE = YES_ERROR;
				CLANG_WARN_EMPTY_BODY = YES;
				CLANG_WARN_ENUM_CONVERSION = YES;
				CLANG_WARN_INFINITE_RECURSION = YES;
				CLANG_WARN_INT_CONVERSION = YES;
				CLANG_WARN_OBJC_ROOT_CLASS = YES_ERROR;
				CLANG_WARN_SUSPICIOUS_MOVE = YES;
				CLANG_WARN_UNREACHABLE_CODE = YES;
				CLANG_WARN__DUPLICATE_METHOD_MATCH = YES;
				CODE_SIGN_IDENTITY = "iPhone Distribution: Christopher McGrath (V6R9L68573)";
				"CODE_SIGN_IDENTITY[sdk=iphoneos*]" = "iPhone Distribution: Christopher McGrath (V6R9L68573)";
				COPY_PHASE_STRIP = NO;
				DEBUG_INFORMATION_FORMAT = "dwarf-with-dsym";
				ENABLE_BITCODE = NO;
				ENABLE_NS_ASSERTIONS = NO;
				ENABLE_STRICT_OBJC_MSGSEND = YES;
				GCC_C_LANGUAGE_STANDARD = gnu99;
				GCC_NO_COMMON_BLOCKS = YES;
				GCC_WARN_64_TO_32_BIT_CONVERSION = YES;
				GCC_WARN_ABOUT_RETURN_TYPE = YES_ERROR;
				GCC_WARN_UNDECLARED_SELECTOR = YES;
				GCC_WARN_UNINITIALIZED_AUTOS = YES_AGGRESSIVE;
				GCC_WARN_UNUSED_FUNCTION = YES;
				GCC_WARN_UNUSED_VARIABLE = YES;
				IPHONEOS_DEPLOYMENT_TARGET = 9.3;
				MTL_ENABLE_DEBUG_INFO = NO;
				PROVISIONING_PROFILE = "cb8ba8ab-1876-47c0-b235-6e1558ebf8f3";
				SDKROOT = iphoneos;
				SWIFT_OPTIMIZATION_LEVEL = "-Owholemodule";
				TARGETED_DEVICE_FAMILY = "1,2";
				VALIDATE_PRODUCT = YES;
			};
			name = Release;
		};
		F5373BA41B327566007F508C /* Debug */ = {
			isa = XCBuildConfiguration;
			buildSettings = {
				ALWAYS_EMBED_SWIFT_STANDARD_LIBRARIES = YES;
				ASSETCATALOG_COMPILER_APPICON_NAME = AppIcon;
				CLANG_ENABLE_MODULES = YES;
				CODE_SIGN_IDENTITY = "iPhone Developer";
				"CODE_SIGN_IDENTITY[sdk=iphoneos*]" = "iPhone Developer";
				DEVELOPMENT_TEAM = 9WKPZL7H2V;
				FRAMEWORK_SEARCH_PATHS = (
					"$(inherited)",
					"$(PROJECT_DIR)/SpartaHack\\ II/",
					"$(PROJECT_DIR)/SpartaHack",
					II,
				);
				INFOPLIST_FILE = "SpartaHack II/Info.plist";
				IPHONEOS_DEPLOYMENT_TARGET = 9.3;
				LD_RUNPATH_SEARCH_PATHS = "$(inherited) @executable_path/Frameworks";
				OTHER_LDFLAGS = "";
				PRODUCT_BUNDLE_IDENTIFIER = com.spartahack.spartahack2017;
				PRODUCT_NAME = "SpartaHack 2016";
				PROVISIONING_PROFILE = "";
				SWIFT_OBJC_BRIDGING_HEADER = "SpartaHack II/SpartaHack 2016-Bridging-Header.h";
				SWIFT_OPTIMIZATION_LEVEL = "-Onone";
				SWIFT_VERSION = 3.0;
			};
			name = Debug;
		};
		F5373BA51B327566007F508C /* Release */ = {
			isa = XCBuildConfiguration;
			buildSettings = {
				ALWAYS_EMBED_SWIFT_STANDARD_LIBRARIES = YES;
				ASSETCATALOG_COMPILER_APPICON_NAME = AppIcon;
				CLANG_ENABLE_MODULES = YES;
				CODE_SIGN_IDENTITY = "iPhone Distribution";
				"CODE_SIGN_IDENTITY[sdk=iphoneos*]" = "iPhone Distribution";
				DEVELOPMENT_TEAM = 9WKPZL7H2V;
				FRAMEWORK_SEARCH_PATHS = (
					"$(inherited)",
					"$(PROJECT_DIR)/SpartaHack\\ II/",
					"$(PROJECT_DIR)/SpartaHack",
					II,
				);
				INFOPLIST_FILE = "SpartaHack II/Info.plist";
				IPHONEOS_DEPLOYMENT_TARGET = 9.3;
				LD_RUNPATH_SEARCH_PATHS = "$(inherited) @executable_path/Frameworks";
				OTHER_LDFLAGS = "";
				PRODUCT_BUNDLE_IDENTIFIER = com.spartahack.spartahack2017;
				PRODUCT_NAME = "SpartaHack 2016";
				PROVISIONING_PROFILE = "";
				SWIFT_OBJC_BRIDGING_HEADER = "SpartaHack II/SpartaHack 2016-Bridging-Header.h";
				SWIFT_VERSION = 3.0;
			};
			name = Release;
		};
		F5373BA71B327566007F508C /* Debug */ = {
			isa = XCBuildConfiguration;
			buildSettings = {
				BUNDLE_LOADER = "$(TEST_HOST)";
				CODE_SIGN_IDENTITY = "iPhone Developer";
				"CODE_SIGN_IDENTITY[sdk=iphoneos*]" = "iPhone Developer";
				FRAMEWORK_SEARCH_PATHS = "$(inherited)";
				GCC_PREPROCESSOR_DEFINITIONS = (
					"DEBUG=1",
					"$(inherited)",
				);
				INFOPLIST_FILE = "SpartaHack IITests/Info.plist";
				LD_RUNPATH_SEARCH_PATHS = "$(inherited) @executable_path/Frameworks @loader_path/Frameworks";
				PRODUCT_BUNDLE_IDENTIFIER = "com.chrismcgrath.$(PRODUCT_NAME:rfc1034identifier)";
				PRODUCT_NAME = "SpartaHack 2016";
				PROVISIONING_PROFILE = "";
				SWIFT_VERSION = 3.0;
				TEST_HOST = "$(BUILT_PRODUCTS_DIR)/SpartaHack 2016.app/SpartaHack 2016";
			};
			name = Debug;
		};
		F5373BA81B327566007F508C /* Release */ = {
			isa = XCBuildConfiguration;
			buildSettings = {
				BUNDLE_LOADER = "$(TEST_HOST)";
				CODE_SIGN_IDENTITY = "iPhone Developer";
				"CODE_SIGN_IDENTITY[sdk=iphoneos*]" = "iPhone Developer";
				FRAMEWORK_SEARCH_PATHS = "$(inherited)";
				INFOPLIST_FILE = "SpartaHack IITests/Info.plist";
				LD_RUNPATH_SEARCH_PATHS = "$(inherited) @executable_path/Frameworks @loader_path/Frameworks";
				PRODUCT_BUNDLE_IDENTIFIER = "com.chrismcgrath.$(PRODUCT_NAME:rfc1034identifier)";
				PRODUCT_NAME = "SpartaHack 2016";
				PROVISIONING_PROFILE = "";
				SWIFT_VERSION = 3.0;
				TEST_HOST = "$(BUILT_PRODUCTS_DIR)/SpartaHack 2016.app/SpartaHack 2016";
			};
			name = Release;
		};
/* End XCBuildConfiguration section */

/* Begin XCConfigurationList section */
		F5373B7D1B327566007F508C /* Build configuration list for PBXProject "SpartaHack 2016" */ = {
			isa = XCConfigurationList;
			buildConfigurations = (
				F5373BA11B327566007F508C /* Debug */,
				F5373BA21B327566007F508C /* Release */,
			);
			defaultConfigurationIsVisible = 0;
			defaultConfigurationName = Release;
		};
		F5373BA31B327566007F508C /* Build configuration list for PBXNativeTarget "SpartaHack 2016" */ = {
			isa = XCConfigurationList;
			buildConfigurations = (
				F5373BA41B327566007F508C /* Debug */,
				F5373BA51B327566007F508C /* Release */,
			);
			defaultConfigurationIsVisible = 0;
			defaultConfigurationName = Release;
		};
		F5373BA61B327566007F508C /* Build configuration list for PBXNativeTarget "SpartaHack 2016Tests" */ = {
			isa = XCConfigurationList;
			buildConfigurations = (
				F5373BA71B327566007F508C /* Debug */,
				F5373BA81B327566007F508C /* Release */,
			);
			defaultConfigurationIsVisible = 0;
			defaultConfigurationName = Release;
		};
/* End XCConfigurationList section */
	};
	rootObject = F5373B7A1B327566007F508C /* Project object */;
}
