// !$*UTF8*$!
{
	archiveVersion = 1;
	classes = {
	};
	objectVersion = 46;
	objects = {

/* Begin PBXBuildFile section */
		4331AB8E1C79040C00424B12 /* NSDateExtension.swift in Sources */ = {isa = PBXBuildFile; fileRef = 4331AB8D1C79040C00424B12 /* NSDateExtension.swift */; };
		F50B84261C728C5E00CCBEBC /* UITextFieldLimit.m in Sources */ = {isa = PBXBuildFile; fileRef = F50B84251C728C5E00CCBEBC /* UITextFieldLimit.m */; };
		F52A15BC1C3F0DE90090ECD6 /* RootTabBarViewController.swift in Sources */ = {isa = PBXBuildFile; fileRef = F52A15BB1C3F0DE90090ECD6 /* RootTabBarViewController.swift */; };
		F5373B881B327566007F508C /* AppDelegate.swift in Sources */ = {isa = PBXBuildFile; fileRef = F5373B871B327566007F508C /* AppDelegate.swift */; };
		F5373B8A1B327566007F508C /* NewsTableViewController.swift in Sources */ = {isa = PBXBuildFile; fileRef = F5373B891B327566007F508C /* NewsTableViewController.swift */; };
		F5373B8F1B327566007F508C /* Main.storyboard in Resources */ = {isa = PBXBuildFile; fileRef = F5373B8D1B327566007F508C /* Main.storyboard */; };
		F5373B911B327566007F508C /* Images.xcassets in Resources */ = {isa = PBXBuildFile; fileRef = F5373B901B327566007F508C /* Images.xcassets */; };
		F5373B941B327566007F508C /* LaunchScreen.xib in Resources */ = {isa = PBXBuildFile; fileRef = F5373B921B327566007F508C /* LaunchScreen.xib */; };
		F5373BA01B327566007F508C /* SpartaHack_IITests.swift in Sources */ = {isa = PBXBuildFile; fileRef = F5373B9F1B327566007F508C /* SpartaHack_IITests.swift */; };
		F5373BB61B3275C0007F508C /* AudioToolbox.framework in Frameworks */ = {isa = PBXBuildFile; fileRef = F5373BB51B3275C0007F508C /* AudioToolbox.framework */; };
		F5373BB81B3275C9007F508C /* CFNetwork.framework in Frameworks */ = {isa = PBXBuildFile; fileRef = F5373BB71B3275C9007F508C /* CFNetwork.framework */; };
		F5373BBA1B3275D1007F508C /* CoreGraphics.framework in Frameworks */ = {isa = PBXBuildFile; fileRef = F5373BB91B3275D1007F508C /* CoreGraphics.framework */; };
		F5373BBC1B3275DA007F508C /* CoreLocation.framework in Frameworks */ = {isa = PBXBuildFile; fileRef = F5373BBB1B3275DA007F508C /* CoreLocation.framework */; };
		F5373BC01B3275E9007F508C /* QuartzCore.framework in Frameworks */ = {isa = PBXBuildFile; fileRef = F5373BBF1B3275E9007F508C /* QuartzCore.framework */; };
		F5373BCD1B327BB0007F508C /* LoginViewController.swift in Sources */ = {isa = PBXBuildFile; fileRef = F5373BCC1B327BB0007F508C /* LoginViewController.swift */; };
		F5373BD01B366AC6007F508C /* SignupViewController.swift in Sources */ = {isa = PBXBuildFile; fileRef = F5373BCF1B366AC6007F508C /* SignupViewController.swift */; };
		F54F438E1BB630F20037EA44 /* HelpDeskViewController.swift in Sources */ = {isa = PBXBuildFile; fileRef = F54F438D1BB630F20037EA44 /* HelpDeskViewController.swift */; };
		F54F43901BB63CBE0037EA44 /* AwardsViewController.swift in Sources */ = {isa = PBXBuildFile; fileRef = F54F438F1BB63CBE0037EA44 /* AwardsViewController.swift */; };
		F559F6D01C82516B00C1D4A1 /* SpartaLabel.swift in Sources */ = {isa = PBXBuildFile; fileRef = F559F6CF1C82516B00C1D4A1 /* SpartaLabel.swift */; };
		F559F6D21C826C2800C1D4A1 /* SpartaTextField.swift in Sources */ = {isa = PBXBuildFile; fileRef = F559F6D11C826C2800C1D4A1 /* SpartaTextField.swift */; };
		F55FE0E81C61B235009D7830 /* TicketCategoryViewTableViewController.swift in Sources */ = {isa = PBXBuildFile; fileRef = F55FE0E71C61B235009D7830 /* TicketCategoryViewTableViewController.swift */; };
		F574CE531C7380A30032203C /* map.pdf in Resources */ = {isa = PBXBuildFile; fileRef = F574CE521C7380A30032203C /* map.pdf */; };
		F58BE2911C5C16DD0000696B /* UIColor+SpartaColor.m in Sources */ = {isa = PBXBuildFile; fileRef = F58BE2901C5C16DD0000696B /* UIColor+SpartaColor.m */; };
		F591B2351C2DE25F00F1512D /* MapViewController.swift in Sources */ = {isa = PBXBuildFile; fileRef = F591B2341C2DE25F00F1512D /* MapViewController.swift */; };
		F591B2371C2DE27100F1512D /* ScheduleViewController.swift in Sources */ = {isa = PBXBuildFile; fileRef = F591B2361C2DE27100F1512D /* ScheduleViewController.swift */; };
		F591B23A1C2DE2B800F1512D /* GuideViewController.swift in Sources */ = {isa = PBXBuildFile; fileRef = F591B2391C2DE2B800F1512D /* GuideViewController.swift */; };
		F599B4501C66BF84008E1E6D /* ScanViewController.swift in Sources */ = {isa = PBXBuildFile; fileRef = F599B44F1C66BF84008E1E6D /* ScanViewController.swift */; };
		F59A46671C7185DE005D21F1 /* MentorDetailTicketViewController.swift in Sources */ = {isa = PBXBuildFile; fileRef = F59A46661C7185DE005D21F1 /* MentorDetailTicketViewController.swift */; };
		F5A60A981B40FD5600709528 /* ProfileViewController.swift in Sources */ = {isa = PBXBuildFile; fileRef = F5A60A971B40FD5600709528 /* ProfileViewController.swift */; };
		F5AE537C1C3092740030BCCA /* PrizesViewController.swift in Sources */ = {isa = PBXBuildFile; fileRef = F5AE537B1C3092740030BCCA /* PrizesViewController.swift */; };
		F5AE537E1C3092800030BCCA /* SponsorsViewController.swift in Sources */ = {isa = PBXBuildFile; fileRef = F5AE537D1C3092800030BCCA /* SponsorsViewController.swift */; };
		F5AE53841C3234A30030BCCA /* ios-map.pdf in Resources */ = {isa = PBXBuildFile; fileRef = F5AE53831C3234A30030BCCA /* ios-map.pdf */; };
		F5BD16B81C66E35700BB7201 /* CheckInUserViewController.swift in Sources */ = {isa = PBXBuildFile; fileRef = F5BD16B71C66E35700BB7201 /* CheckInUserViewController.swift */; };
		F5CA4C9F1C684BBE00CDC37B /* Moondance.ttf in Resources */ = {isa = PBXBuildFile; fileRef = F5CA4C9E1C684BBE00CDC37B /* Moondance.ttf */; };
		F5CD8FB41C430D500077E1F9 /* CreateTicketViewController.swift in Sources */ = {isa = PBXBuildFile; fileRef = F5CD8FB31C430D500077E1F9 /* CreateTicketViewController.swift */; };
		F5DC9D111C65934500CF6FDB /* MentorTicketsTableViewController.swift in Sources */ = {isa = PBXBuildFile; fileRef = F5DC9D101C65934500CF6FDB /* MentorTicketsTableViewController.swift */; };
/* End PBXBuildFile section */

/* Begin PBXContainerItemProxy section */
		F5373B9A1B327566007F508C /* PBXContainerItemProxy */ = {
			isa = PBXContainerItemProxy;
			containerPortal = F5373B7A1B327566007F508C /* Project object */;
			proxyType = 1;
			remoteGlobalIDString = F5373B811B327566007F508C;
			remoteInfo = "SpartaHack II";
		};
/* End PBXContainerItemProxy section */

/* Begin PBXFileReference section */
		4331AB8D1C79040C00424B12 /* NSDateExtension.swift */ = {isa = PBXFileReference; fileEncoding = 4; lastKnownFileType = sourcecode.swift; path = NSDateExtension.swift; sourceTree = "<group>"; };
		F50B84241C728C5500CCBEBC /* UITextFieldLimit.h */ = {isa = PBXFileReference; fileEncoding = 4; lastKnownFileType = sourcecode.c.h; path = UITextFieldLimit.h; sourceTree = "<group>"; };
		F50B84251C728C5E00CCBEBC /* UITextFieldLimit.m */ = {isa = PBXFileReference; fileEncoding = 4; lastKnownFileType = sourcecode.c.objc; path = UITextFieldLimit.m; sourceTree = "<group>"; };
		F52A15BB1C3F0DE90090ECD6 /* RootTabBarViewController.swift */ = {isa = PBXFileReference; fileEncoding = 4; lastKnownFileType = sourcecode.swift; path = RootTabBarViewController.swift; sourceTree = "<group>"; };
		F5373B821B327566007F508C /* SpartaHack 2016.app */ = {isa = PBXFileReference; explicitFileType = wrapper.application; includeInIndex = 0; path = "SpartaHack 2016.app"; sourceTree = BUILT_PRODUCTS_DIR; };
		F5373B861B327566007F508C /* Info.plist */ = {isa = PBXFileReference; lastKnownFileType = text.plist.xml; path = Info.plist; sourceTree = "<group>"; };
		F5373B871B327566007F508C /* AppDelegate.swift */ = {isa = PBXFileReference; lastKnownFileType = sourcecode.swift; path = AppDelegate.swift; sourceTree = "<group>"; };
		F5373B891B327566007F508C /* NewsTableViewController.swift */ = {isa = PBXFileReference; lastKnownFileType = sourcecode.swift; path = NewsTableViewController.swift; sourceTree = "<group>"; };
		F5373B8E1B327566007F508C /* Base */ = {isa = PBXFileReference; lastKnownFileType = file.storyboard; name = Base; path = Base.lproj/Main.storyboard; sourceTree = "<group>"; };
		F5373B901B327566007F508C /* Images.xcassets */ = {isa = PBXFileReference; lastKnownFileType = folder.assetcatalog; path = Images.xcassets; sourceTree = "<group>"; };
		F5373B931B327566007F508C /* Base */ = {isa = PBXFileReference; lastKnownFileType = file.xib; name = Base; path = Base.lproj/LaunchScreen.xib; sourceTree = "<group>"; };
		F5373B991B327566007F508C /* SpartaHack 2016.xctest */ = {isa = PBXFileReference; explicitFileType = wrapper.cfbundle; includeInIndex = 0; path = "SpartaHack 2016.xctest"; sourceTree = BUILT_PRODUCTS_DIR; };
		F5373B9E1B327566007F508C /* Info.plist */ = {isa = PBXFileReference; lastKnownFileType = text.plist.xml; path = Info.plist; sourceTree = "<group>"; };
		F5373B9F1B327566007F508C /* SpartaHack_IITests.swift */ = {isa = PBXFileReference; lastKnownFileType = sourcecode.swift; path = SpartaHack_IITests.swift; sourceTree = "<group>"; };
		F5373BB51B3275C0007F508C /* AudioToolbox.framework */ = {isa = PBXFileReference; lastKnownFileType = wrapper.framework; name = AudioToolbox.framework; path = System/Library/Frameworks/AudioToolbox.framework; sourceTree = SDKROOT; };
		F5373BB71B3275C9007F508C /* CFNetwork.framework */ = {isa = PBXFileReference; lastKnownFileType = wrapper.framework; name = CFNetwork.framework; path = System/Library/Frameworks/CFNetwork.framework; sourceTree = SDKROOT; };
		F5373BB91B3275D1007F508C /* CoreGraphics.framework */ = {isa = PBXFileReference; lastKnownFileType = wrapper.framework; name = CoreGraphics.framework; path = System/Library/Frameworks/CoreGraphics.framework; sourceTree = SDKROOT; };
		F5373BBB1B3275DA007F508C /* CoreLocation.framework */ = {isa = PBXFileReference; lastKnownFileType = wrapper.framework; name = CoreLocation.framework; path = System/Library/Frameworks/CoreLocation.framework; sourceTree = SDKROOT; };
		F5373BBD1B3275E1007F508C /* MobileCoreServices.framework */ = {isa = PBXFileReference; lastKnownFileType = wrapper.framework; name = MobileCoreServices.framework; path = System/Library/Frameworks/MobileCoreServices.framework; sourceTree = SDKROOT; };
		F5373BBF1B3275E9007F508C /* QuartzCore.framework */ = {isa = PBXFileReference; lastKnownFileType = wrapper.framework; name = QuartzCore.framework; path = System/Library/Frameworks/QuartzCore.framework; sourceTree = SDKROOT; };
		F5373BC11B3275F1007F508C /* Security.framework */ = {isa = PBXFileReference; lastKnownFileType = wrapper.framework; name = Security.framework; path = System/Library/Frameworks/Security.framework; sourceTree = SDKROOT; };
		F5373BC51B327604007F508C /* SystemConfiguration.framework */ = {isa = PBXFileReference; lastKnownFileType = wrapper.framework; name = SystemConfiguration.framework; path = System/Library/Frameworks/SystemConfiguration.framework; sourceTree = SDKROOT; };
		F5373BCC1B327BB0007F508C /* LoginViewController.swift */ = {isa = PBXFileReference; fileEncoding = 4; lastKnownFileType = sourcecode.swift; path = LoginViewController.swift; sourceTree = "<group>"; };
		F5373BCF1B366AC6007F508C /* SignupViewController.swift */ = {isa = PBXFileReference; fileEncoding = 4; lastKnownFileType = sourcecode.swift; path = SignupViewController.swift; sourceTree = "<group>"; };
		F54F438D1BB630F20037EA44 /* HelpDeskViewController.swift */ = {isa = PBXFileReference; fileEncoding = 4; lastKnownFileType = sourcecode.swift; path = HelpDeskViewController.swift; sourceTree = "<group>"; };
		F54F438F1BB63CBE0037EA44 /* AwardsViewController.swift */ = {isa = PBXFileReference; fileEncoding = 4; lastKnownFileType = sourcecode.swift; path = AwardsViewController.swift; sourceTree = "<group>"; };
		F559F6CF1C82516B00C1D4A1 /* SpartaLabel.swift */ = {isa = PBXFileReference; fileEncoding = 4; lastKnownFileType = sourcecode.swift; path = SpartaLabel.swift; sourceTree = "<group>"; };
		F559F6D11C826C2800C1D4A1 /* SpartaTextField.swift */ = {isa = PBXFileReference; fileEncoding = 4; lastKnownFileType = sourcecode.swift; path = SpartaTextField.swift; sourceTree = "<group>"; };
		F55FE0E71C61B235009D7830 /* TicketCategoryViewTableViewController.swift */ = {isa = PBXFileReference; fileEncoding = 4; lastKnownFileType = sourcecode.swift; path = TicketCategoryViewTableViewController.swift; sourceTree = "<group>"; };
		F574CE521C7380A30032203C /* map.pdf */ = {isa = PBXFileReference; lastKnownFileType = image.pdf; path = map.pdf; sourceTree = "<group>"; };
		F57BA33D1C288BB6000E0381 /* libsqlite3.tbd */ = {isa = PBXFileReference; lastKnownFileType = "sourcecode.text-based-dylib-definition"; name = libsqlite3.tbd; path = usr/lib/libsqlite3.tbd; sourceTree = SDKROOT; };
		F57BA33F1C288BCC000E0381 /* libz.tbd */ = {isa = PBXFileReference; lastKnownFileType = "sourcecode.text-based-dylib-definition"; name = libz.tbd; path = usr/lib/libz.tbd; sourceTree = SDKROOT; };
		F58BE28E1C5C16DC0000696B /* SpartaHack 2016-Bridging-Header.h */ = {isa = PBXFileReference; lastKnownFileType = sourcecode.c.h; path = "SpartaHack 2016-Bridging-Header.h"; sourceTree = "<group>"; };
		F58BE28F1C5C16DD0000696B /* UIColor+SpartaColor.h */ = {isa = PBXFileReference; fileEncoding = 4; lastKnownFileType = sourcecode.c.h; path = "UIColor+SpartaColor.h"; sourceTree = "<group>"; };
		F58BE2901C5C16DD0000696B /* UIColor+SpartaColor.m */ = {isa = PBXFileReference; fileEncoding = 4; lastKnownFileType = sourcecode.c.objc; path = "UIColor+SpartaColor.m"; sourceTree = "<group>"; };
		F591B2341C2DE25F00F1512D /* MapViewController.swift */ = {isa = PBXFileReference; fileEncoding = 4; lastKnownFileType = sourcecode.swift; path = MapViewController.swift; sourceTree = "<group>"; };
		F591B2361C2DE27100F1512D /* ScheduleViewController.swift */ = {isa = PBXFileReference; fileEncoding = 4; lastKnownFileType = sourcecode.swift; lineEnding = 0; path = ScheduleViewController.swift; sourceTree = "<group>"; usesTabs = 0; };
		F591B2391C2DE2B800F1512D /* GuideViewController.swift */ = {isa = PBXFileReference; fileEncoding = 4; lastKnownFileType = sourcecode.swift; path = GuideViewController.swift; sourceTree = "<group>"; };
		F599B44F1C66BF84008E1E6D /* ScanViewController.swift */ = {isa = PBXFileReference; fileEncoding = 4; lastKnownFileType = sourcecode.swift; path = ScanViewController.swift; sourceTree = "<group>"; };
		F59A46661C7185DE005D21F1 /* MentorDetailTicketViewController.swift */ = {isa = PBXFileReference; fileEncoding = 4; lastKnownFileType = sourcecode.swift; path = MentorDetailTicketViewController.swift; sourceTree = "<group>"; };
		F5A60A971B40FD5600709528 /* ProfileViewController.swift */ = {isa = PBXFileReference; fileEncoding = 4; lastKnownFileType = sourcecode.swift; path = ProfileViewController.swift; sourceTree = "<group>"; };
		F5AE537B1C3092740030BCCA /* PrizesViewController.swift */ = {isa = PBXFileReference; fileEncoding = 4; lastKnownFileType = sourcecode.swift; path = PrizesViewController.swift; sourceTree = "<group>"; };
		F5AE537D1C3092800030BCCA /* SponsorsViewController.swift */ = {isa = PBXFileReference; fileEncoding = 4; lastKnownFileType = sourcecode.swift; path = SponsorsViewController.swift; sourceTree = "<group>"; };
		F5AE53831C3234A30030BCCA /* ios-map.pdf */ = {isa = PBXFileReference; lastKnownFileType = image.pdf; path = "ios-map.pdf"; sourceTree = "<group>"; };
		F5BD16B71C66E35700BB7201 /* CheckInUserViewController.swift */ = {isa = PBXFileReference; fileEncoding = 4; lastKnownFileType = sourcecode.swift; path = CheckInUserViewController.swift; sourceTree = "<group>"; };
		F5CA4C9E1C684BBE00CDC37B /* Moondance.ttf */ = {isa = PBXFileReference; lastKnownFileType = file; path = Moondance.ttf; sourceTree = "<group>"; };
		F5CD8FB31C430D500077E1F9 /* CreateTicketViewController.swift */ = {isa = PBXFileReference; fileEncoding = 4; lastKnownFileType = sourcecode.swift; path = CreateTicketViewController.swift; sourceTree = "<group>"; };
		F5DC9D101C65934500CF6FDB /* MentorTicketsTableViewController.swift */ = {isa = PBXFileReference; fileEncoding = 4; lastKnownFileType = sourcecode.swift; path = MentorTicketsTableViewController.swift; sourceTree = "<group>"; };
/* End PBXFileReference section */

/* Begin PBXFrameworksBuildPhase section */
		F5373B7F1B327566007F508C /* Frameworks */ = {
			isa = PBXFrameworksBuildPhase;
			buildActionMask = 2147483647;
			files = (
				F5373BC01B3275E9007F508C /* QuartzCore.framework in Frameworks */,
				F5373BBC1B3275DA007F508C /* CoreLocation.framework in Frameworks */,
				F5373BBA1B3275D1007F508C /* CoreGraphics.framework in Frameworks */,
				F5373BB81B3275C9007F508C /* CFNetwork.framework in Frameworks */,
				F5373BB61B3275C0007F508C /* AudioToolbox.framework in Frameworks */,
			);
			runOnlyForDeploymentPostprocessing = 0;
		};
		F5373B961B327566007F508C /* Frameworks */ = {
			isa = PBXFrameworksBuildPhase;
			buildActionMask = 2147483647;
			files = (
			);
			runOnlyForDeploymentPostprocessing = 0;
		};
/* End PBXFrameworksBuildPhase section */

/* Begin PBXGroup section */
		F5373B791B327566007F508C = {
			isa = PBXGroup;
			children = (
				F5373B841B327566007F508C /* SpartaHack II */,
				F5373B9C1B327566007F508C /* SpartaHack IITests */,
				F5373B831B327566007F508C /* Products */,
			);
			sourceTree = "<group>";
		};
		F5373B831B327566007F508C /* Products */ = {
			isa = PBXGroup;
			children = (
				F5373B821B327566007F508C /* SpartaHack 2016.app */,
				F5373B991B327566007F508C /* SpartaHack 2016.xctest */,
			);
			name = Products;
			sourceTree = "<group>";
		};
		F5373B841B327566007F508C /* SpartaHack II */ = {
			isa = PBXGroup;
			children = (
				F559F6CF1C82516B00C1D4A1 /* SpartaLabel.swift */,
				F559F6D11C826C2800C1D4A1 /* SpartaTextField.swift */,
				F5373B871B327566007F508C /* AppDelegate.swift */,
				F52A15BB1C3F0DE90090ECD6 /* RootTabBarViewController.swift */,
				F58BE28F1C5C16DD0000696B /* UIColor+SpartaColor.h */,
				F58BE2901C5C16DD0000696B /* UIColor+SpartaColor.m */,
				F50B84241C728C5500CCBEBC /* UITextFieldLimit.h */,
				F50B84251C728C5E00CCBEBC /* UITextFieldLimit.m */,
				F5373BCE1B327BB6007F508C /* ViewControllers */,
				F5373B901B327566007F508C /* Images.xcassets */,
				F5373B8D1B327566007F508C /* Main.storyboard */,
				F5373B921B327566007F508C /* LaunchScreen.xib */,
				F5AE53831C3234A30030BCCA /* ios-map.pdf */,
				F5373B851B327566007F508C /* Supporting Files */,
				F58BE28E1C5C16DC0000696B /* SpartaHack 2016-Bridging-Header.h */,
				4331AB8D1C79040C00424B12 /* NSDateExtension.swift */,
			);
			path = "SpartaHack II";
			sourceTree = "<group>";
		};
		F5373B851B327566007F508C /* Supporting Files */ = {
			isa = PBXGroup;
			children = (
				F574CE521C7380A30032203C /* map.pdf */,
				F5CA4C9E1C684BBE00CDC37B /* Moondance.ttf */,
				F57BA33F1C288BCC000E0381 /* libz.tbd */,
				F57BA33D1C288BB6000E0381 /* libsqlite3.tbd */,
				F5373BC51B327604007F508C /* SystemConfiguration.framework */,
				F5373BC11B3275F1007F508C /* Security.framework */,
				F5373BBF1B3275E9007F508C /* QuartzCore.framework */,
				F5373BBD1B3275E1007F508C /* MobileCoreServices.framework */,
				F5373BBB1B3275DA007F508C /* CoreLocation.framework */,
				F5373BB91B3275D1007F508C /* CoreGraphics.framework */,
				F5373BB71B3275C9007F508C /* CFNetwork.framework */,
				F5373BB51B3275C0007F508C /* AudioToolbox.framework */,
				F5373B861B327566007F508C /* Info.plist */,
			);
			name = "Supporting Files";
			sourceTree = "<group>";
		};
		F5373B9C1B327566007F508C /* SpartaHack IITests */ = {
			isa = PBXGroup;
			children = (
				F5373B9F1B327566007F508C /* SpartaHack_IITests.swift */,
				F5373B9D1B327566007F508C /* Supporting Files */,
			);
			path = "SpartaHack IITests";
			sourceTree = "<group>";
		};
		F5373B9D1B327566007F508C /* Supporting Files */ = {
			isa = PBXGroup;
			children = (
				F5373B9E1B327566007F508C /* Info.plist */,
			);
			name = "Supporting Files";
			sourceTree = "<group>";
		};
		F5373BCE1B327BB6007F508C /* ViewControllers */ = {
			isa = PBXGroup;
			children = (
				F5373B891B327566007F508C /* NewsTableViewController.swift */,
				F5C351A31C6DA48200B0D0FE /* Help Desk */,
				F591B2381C2DE27600F1512D /* Guide View Controllers */,
				F5AE53801C30928F0030BCCA /* Award View Controller */,
				F5A60A971B40FD5600709528 /* ProfileViewController.swift */,
				F5373BCC1B327BB0007F508C /* LoginViewController.swift */,
				F5373BCF1B366AC6007F508C /* SignupViewController.swift */,
				F5C351A41C6DA48F00B0D0FE /* Volunteer */,
			);
			name = ViewControllers;
			sourceTree = "<group>";
		};
		F591B2381C2DE27600F1512D /* Guide View Controllers */ = {
			isa = PBXGroup;
			children = (
				F591B2391C2DE2B800F1512D /* GuideViewController.swift */,
				F591B2341C2DE25F00F1512D /* MapViewController.swift */,
				F591B2361C2DE27100F1512D /* ScheduleViewController.swift */,
			);
			name = "Guide View Controllers";
			sourceTree = "<group>";
		};
		F5AE53801C30928F0030BCCA /* Award View Controller */ = {
			isa = PBXGroup;
			children = (
				F54F438F1BB63CBE0037EA44 /* AwardsViewController.swift */,
				F5AE537B1C3092740030BCCA /* PrizesViewController.swift */,
				F5AE537D1C3092800030BCCA /* SponsorsViewController.swift */,
			);
			name = "Award View Controller";
			sourceTree = "<group>";
		};
		F5C351A31C6DA48200B0D0FE /* Help Desk */ = {
			isa = PBXGroup;
			children = (
				F54F438D1BB630F20037EA44 /* HelpDeskViewController.swift */,
				F55FE0E71C61B235009D7830 /* TicketCategoryViewTableViewController.swift */,
				F5DC9D101C65934500CF6FDB /* MentorTicketsTableViewController.swift */,
				F59A46661C7185DE005D21F1 /* MentorDetailTicketViewController.swift */,
				F5CD8FB31C430D500077E1F9 /* CreateTicketViewController.swift */,
			);
			name = "Help Desk";
			sourceTree = "<group>";
		};
		F5C351A41C6DA48F00B0D0FE /* Volunteer */ = {
			isa = PBXGroup;
			children = (
				F599B44F1C66BF84008E1E6D /* ScanViewController.swift */,
				F5BD16B71C66E35700BB7201 /* CheckInUserViewController.swift */,
			);
			name = Volunteer;
			sourceTree = "<group>";
		};
/* End PBXGroup section */

/* Begin PBXNativeTarget section */
		F5373B811B327566007F508C /* SpartaHack 2016 */ = {
			isa = PBXNativeTarget;
			buildConfigurationList = F5373BA31B327566007F508C /* Build configuration list for PBXNativeTarget "SpartaHack 2016" */;
			buildPhases = (
				F5373B7E1B327566007F508C /* Sources */,
				F5373B7F1B327566007F508C /* Frameworks */,
				F5373B801B327566007F508C /* Resources */,
			);
			buildRules = (
			);
			dependencies = (
			);
			name = "SpartaHack 2016";
			productName = "SpartaHack II";
			productReference = F5373B821B327566007F508C /* SpartaHack 2016.app */;
			productType = "com.apple.product-type.application";
		};
		F5373B981B327566007F508C /* SpartaHack 2016Tests */ = {
			isa = PBXNativeTarget;
			buildConfigurationList = F5373BA61B327566007F508C /* Build configuration list for PBXNativeTarget "SpartaHack 2016Tests" */;
			buildPhases = (
				F5373B951B327566007F508C /* Sources */,
				F5373B961B327566007F508C /* Frameworks */,
				F5373B971B327566007F508C /* Resources */,
			);
			buildRules = (
			);
			dependencies = (
				F5373B9B1B327566007F508C /* PBXTargetDependency */,
			);
			name = "SpartaHack 2016Tests";
			productName = "SpartaHack IITests";
			productReference = F5373B991B327566007F508C /* SpartaHack 2016.xctest */;
			productType = "com.apple.product-type.bundle.unit-test";
		};
/* End PBXNativeTarget section */

/* Begin PBXProject section */
		F5373B7A1B327566007F508C /* Project object */ = {
			isa = PBXProject;
			attributes = {
				LastSwiftUpdateCheck = 0720;
				LastUpgradeCheck = 0800;
				ORGANIZATIONNAME = "Chris McGrath";
				TargetAttributes = {
					F5373B811B327566007F508C = {
						CreatedOnToolsVersion = 6.3.2;
						DevelopmentTeam = V6R9L68573;
						LastSwiftMigration = 0800;
						SystemCapabilities = {
							com.apple.InAppPurchase = {
								enabled = 0;
							};
							com.apple.Push = {
								enabled = 1;
							};
						};
					};
					F5373B981B327566007F508C = {
						CreatedOnToolsVersion = 6.3.2;
						DevelopmentTeam = V6R9L68573;
						LastSwiftMigration = 0800;
						TestTargetID = F5373B811B327566007F508C;
					};
				};
			};
			buildConfigurationList = F5373B7D1B327566007F508C /* Build configuration list for PBXProject "SpartaHack 2016" */;
			compatibilityVersion = "Xcode 3.2";
			developmentRegion = English;
			hasScannedForEncodings = 0;
			knownRegions = (
				en,
				Base,
			);
			mainGroup = F5373B791B327566007F508C;
			productRefGroup = F5373B831B327566007F508C /* Products */;
			projectDirPath = "";
			projectRoot = "";
			targets = (
				F5373B811B327566007F508C /* SpartaHack 2016 */,
				F5373B981B327566007F508C /* SpartaHack 2016Tests */,
			);
		};
/* End PBXProject section */

/* Begin PBXResourcesBuildPhase section */
		F5373B801B327566007F508C /* Resources */ = {
			isa = PBXResourcesBuildPhase;
			buildActionMask = 2147483647;
			files = (
				F5AE53841C3234A30030BCCA /* ios-map.pdf in Resources */,
				F5373B8F1B327566007F508C /* Main.storyboard in Resources */,
				F5373B941B327566007F508C /* LaunchScreen.xib in Resources */,
				F5373B911B327566007F508C /* Images.xcassets in Resources */,
				F574CE531C7380A30032203C /* map.pdf in Resources */,
				F5CA4C9F1C684BBE00CDC37B /* Moondance.ttf in Resources */,
			);
			runOnlyForDeploymentPostprocessing = 0;
		};
		F5373B971B327566007F508C /* Resources */ = {
			isa = PBXResourcesBuildPhase;
			buildActionMask = 2147483647;
			files = (
			);
			runOnlyForDeploymentPostprocessing = 0;
		};
/* End PBXResourcesBuildPhase section */

/* Begin PBXSourcesBuildPhase section */
		F5373B7E1B327566007F508C /* Sources */ = {
			isa = PBXSourcesBuildPhase;
			buildActionMask = 2147483647;
			files = (
				F5AE537E1C3092800030BCCA /* SponsorsViewController.swift in Sources */,
				F5AE537C1C3092740030BCCA /* PrizesViewController.swift in Sources */,
				F5373BCD1B327BB0007F508C /* LoginViewController.swift in Sources */,
				F5CD8FB41C430D500077E1F9 /* CreateTicketViewController.swift in Sources */,
				F5BD16B81C66E35700BB7201 /* CheckInUserViewController.swift in Sources */,
				F5373BD01B366AC6007F508C /* SignupViewController.swift in Sources */,
				F599B4501C66BF84008E1E6D /* ScanViewController.swift in Sources */,
				F5A60A981B40FD5600709528 /* ProfileViewController.swift in Sources */,
				F59A46671C7185DE005D21F1 /* MentorDetailTicketViewController.swift in Sources */,
				F52A15BC1C3F0DE90090ECD6 /* RootTabBarViewController.swift in Sources */,
				4331AB8E1C79040C00424B12 /* NSDateExtension.swift in Sources */,
				F559F6D01C82516B00C1D4A1 /* SpartaLabel.swift in Sources */,
				F591B2351C2DE25F00F1512D /* MapViewController.swift in Sources */,
				F55FE0E81C61B235009D7830 /* TicketCategoryViewTableViewController.swift in Sources */,
				F591B2371C2DE27100F1512D /* ScheduleViewController.swift in Sources */,
				F5DC9D111C65934500CF6FDB /* MentorTicketsTableViewController.swift in Sources */,
				F50B84261C728C5E00CCBEBC /* UITextFieldLimit.m in Sources */,
				F58BE2911C5C16DD0000696B /* UIColor+SpartaColor.m in Sources */,
				F591B23A1C2DE2B800F1512D /* GuideViewController.swift in Sources */,
				F5373B881B327566007F508C /* AppDelegate.swift in Sources */,
				F559F6D21C826C2800C1D4A1 /* SpartaTextField.swift in Sources */,
				F54F438E1BB630F20037EA44 /* HelpDeskViewController.swift in Sources */,
				F54F43901BB63CBE0037EA44 /* AwardsViewController.swift in Sources */,
				F5373B8A1B327566007F508C /* NewsTableViewController.swift in Sources */,
			);
			runOnlyForDeploymentPostprocessing = 0;
		};
		F5373B951B327566007F508C /* Sources */ = {
			isa = PBXSourcesBuildPhase;
			buildActionMask = 2147483647;
			files = (
				F5373BA01B327566007F508C /* SpartaHack_IITests.swift in Sources */,
			);
			runOnlyForDeploymentPostprocessing = 0;
		};
/* End PBXSourcesBuildPhase section */

/* Begin PBXTargetDependency section */
		F5373B9B1B327566007F508C /* PBXTargetDependency */ = {
			isa = PBXTargetDependency;
			target = F5373B811B327566007F508C /* SpartaHack 2016 */;
			targetProxy = F5373B9A1B327566007F508C /* PBXContainerItemProxy */;
		};
/* End PBXTargetDependency section */

/* Begin PBXVariantGroup section */
		F5373B8D1B327566007F508C /* Main.storyboard */ = {
			isa = PBXVariantGroup;
			children = (
				F5373B8E1B327566007F508C /* Base */,
			);
			name = Main.storyboard;
			sourceTree = "<group>";
		};
		F5373B921B327566007F508C /* LaunchScreen.xib */ = {
			isa = PBXVariantGroup;
			children = (
				F5373B931B327566007F508C /* Base */,
			);
			name = LaunchScreen.xib;
			sourceTree = "<group>";
		};
/* End PBXVariantGroup section */

/* Begin XCBuildConfiguration section */
		F5373BA11B327566007F508C /* Debug */ = {
			isa = XCBuildConfiguration;
			buildSettings = {
				ALWAYS_SEARCH_USER_PATHS = NO;
				CLANG_CXX_LANGUAGE_STANDARD = "gnu++0x";
				CLANG_CXX_LIBRARY = "libc++";
				CLANG_ENABLE_MODULES = YES;
				CLANG_ENABLE_OBJC_ARC = YES;
				CLANG_WARN_BOOL_CONVERSION = YES;
				CLANG_WARN_CONSTANT_CONVERSION = YES;
				CLANG_WARN_DIRECT_OBJC_ISA_USAGE = YES_ERROR;
				CLANG_WARN_EMPTY_BODY = YES;
				CLANG_WARN_ENUM_CONVERSION = YES;
				CLANG_WARN_INFINITE_RECURSION = YES;
				CLANG_WARN_INT_CONVERSION = YES;
				CLANG_WARN_OBJC_ROOT_CLASS = YES_ERROR;
				CLANG_WARN_SUSPICIOUS_MOVE = YES;
				CLANG_WARN_UNREACHABLE_CODE = YES;
				CLANG_WARN__DUPLICATE_METHOD_MATCH = YES;
				CODE_SIGN_IDENTITY = "iPhone Distribution: Christopher McGrath (V6R9L68573)";
				"CODE_SIGN_IDENTITY[sdk=iphoneos*]" = "iPhone Developer";
				COPY_PHASE_STRIP = NO;
				DEBUG_INFORMATION_FORMAT = "dwarf-with-dsym";
				ENABLE_BITCODE = NO;
				ENABLE_STRICT_OBJC_MSGSEND = YES;
				ENABLE_TESTABILITY = YES;
				GCC_C_LANGUAGE_STANDARD = gnu99;
				GCC_DYNAMIC_NO_PIC = NO;
				GCC_NO_COMMON_BLOCKS = YES;
				GCC_OPTIMIZATION_LEVEL = 0;
				GCC_PREPROCESSOR_DEFINITIONS = (
					"DEBUG=1",
					"$(inherited)",
				);
				GCC_SYMBOLS_PRIVATE_EXTERN = NO;
				GCC_WARN_64_TO_32_BIT_CONVERSION = YES;
				GCC_WARN_ABOUT_RETURN_TYPE = YES_ERROR;
				GCC_WARN_UNDECLARED_SELECTOR = YES;
				GCC_WARN_UNINITIALIZED_AUTOS = YES_AGGRESSIVE;
				GCC_WARN_UNUSED_FUNCTION = YES;
				GCC_WARN_UNUSED_VARIABLE = YES;
				IPHONEOS_DEPLOYMENT_TARGET = 9.3;
				MTL_ENABLE_DEBUG_INFO = YES;
				ONLY_ACTIVE_ARCH = YES;
				PROVISIONING_PROFILE = "cb8ba8ab-1876-47c0-b235-6e1558ebf8f3";
				SDKROOT = iphoneos;
				SWIFT_OPTIMIZATION_LEVEL = "-Onone";
				TARGETED_DEVICE_FAMILY = "1,2";
			};
			name = Debug;
		};
		F5373BA21B327566007F508C /* Release */ = {
			isa = XCBuildConfiguration;
			buildSettings = {
				ALWAYS_SEARCH_USER_PATHS = NO;
				CLANG_CXX_LANGUAGE_STANDARD = "gnu++0x";
				CLANG_CXX_LIBRARY = "libc++";
				CLANG_ENABLE_MODULES = YES;
				CLANG_ENABLE_OBJC_ARC = YES;
				CLANG_WARN_BOOL_CONVERSION = YES;
				CLANG_WARN_CONSTANT_CONVERSION = YES;
				CLANG_WARN_DIRECT_OBJC_ISA_USAGE = YES_ERROR;
				CLANG_WARN_EMPTY_BODY = YES;
				CLANG_WARN_ENUM_CONVERSION = YES;
				CLANG_WARN_INFINITE_RECURSION = YES;
				CLANG_WARN_INT_CONVERSION = YES;
				CLANG_WARN_OBJC_ROOT_CLASS = YES_ERROR;
				CLANG_WARN_SUSPICIOUS_MOVE = YES;
				CLANG_WARN_UNREACHABLE_CODE = YES;
				CLANG_WARN__DUPLICATE_METHOD_MATCH = YES;
				CODE_SIGN_IDENTITY = "iPhone Distribution: Christopher McGrath (V6R9L68573)";
				"CODE_SIGN_IDENTITY[sdk=iphoneos*]" = "iPhone Distribution: Christopher McGrath (V6R9L68573)";
				COPY_PHASE_STRIP = NO;
				DEBUG_INFORMATION_FORMAT = "dwarf-with-dsym";
				ENABLE_BITCODE = NO;
				ENABLE_NS_ASSERTIONS = NO;
				ENABLE_STRICT_OBJC_MSGSEND = YES;
				GCC_C_LANGUAGE_STANDARD = gnu99;
				GCC_NO_COMMON_BLOCKS = YES;
				GCC_WARN_64_TO_32_BIT_CONVERSION = YES;
				GCC_WARN_ABOUT_RETURN_TYPE = YES_ERROR;
				GCC_WARN_UNDECLARED_SELECTOR = YES;
				GCC_WARN_UNINITIALIZED_AUTOS = YES_AGGRESSIVE;
				GCC_WARN_UNUSED_FUNCTION = YES;
				GCC_WARN_UNUSED_VARIABLE = YES;
				IPHONEOS_DEPLOYMENT_TARGET = 9.3;
				MTL_ENABLE_DEBUG_INFO = NO;
				PROVISIONING_PROFILE = "cb8ba8ab-1876-47c0-b235-6e1558ebf8f3";
				SDKROOT = iphoneos;
				SWIFT_OPTIMIZATION_LEVEL = "-Owholemodule";
				TARGETED_DEVICE_FAMILY = "1,2";
				VALIDATE_PRODUCT = YES;
			};
			name = Release;
		};
		F5373BA41B327566007F508C /* Debug */ = {
			isa = XCBuildConfiguration;
			buildSettings = {
				ASSETCATALOG_COMPILER_APPICON_NAME = AppIcon;
				CLANG_ENABLE_MODULES = YES;
				CODE_SIGN_IDENTITY = "iPhone Developer";
				"CODE_SIGN_IDENTITY[sdk=iphoneos*]" = "iPhone Developer";
				FRAMEWORK_SEARCH_PATHS = (
					"$(inherited)",
					"$(PROJECT_DIR)/SpartaHack\\ II/",
					"$(PROJECT_DIR)/SpartaHack",
					II,
				);
				INFOPLIST_FILE = "SpartaHack II/Info.plist";
				IPHONEOS_DEPLOYMENT_TARGET = 9.3;
				LD_RUNPATH_SEARCH_PATHS = "$(inherited)";
				OTHER_LDFLAGS = "";
				PRODUCT_BUNDLE_IDENTIFIER = com.spartahack.spartahack2017;
				PRODUCT_NAME = "SpartaHack 2016";
				PROVISIONING_PROFILE = "";
				SWIFT_OBJC_BRIDGING_HEADER = "SpartaHack II/SpartaHack 2016-Bridging-Header.h";
				SWIFT_OPTIMIZATION_LEVEL = "-Onone";
				SWIFT_VERSION = 3.0;
			};
			name = Debug;
		};
		F5373BA51B327566007F508C /* Release */ = {
			isa = XCBuildConfiguration;
			buildSettings = {
				ASSETCATALOG_COMPILER_APPICON_NAME = AppIcon;
				CLANG_ENABLE_MODULES = YES;
				CODE_SIGN_IDENTITY = "iPhone Distribution";
				"CODE_SIGN_IDENTITY[sdk=iphoneos*]" = "iPhone Distribution";
				FRAMEWORK_SEARCH_PATHS = (
					"$(inherited)",
					"$(PROJECT_DIR)/SpartaHack\\ II/",
					"$(PROJECT_DIR)/SpartaHack",
					II,
				);
				INFOPLIST_FILE = "SpartaHack II/Info.plist";
				IPHONEOS_DEPLOYMENT_TARGET = 9.3;
				LD_RUNPATH_SEARCH_PATHS = "$(inherited)";
				OTHER_LDFLAGS = "";
				PRODUCT_BUNDLE_IDENTIFIER = com.spartahack.spartahack2017;
				PRODUCT_NAME = "SpartaHack 2016";
				PROVISIONING_PROFILE = "";
				SWIFT_OBJC_BRIDGING_HEADER = "SpartaHack II/SpartaHack 2016-Bridging-Header.h";
				SWIFT_VERSION = 3.0;
			};
			name = Release;
		};
		F5373BA71B327566007F508C /* Debug */ = {
			isa = XCBuildConfiguration;
			buildSettings = {
				BUNDLE_LOADER = "$(TEST_HOST)";
				CODE_SIGN_IDENTITY = "iPhone Developer";
				"CODE_SIGN_IDENTITY[sdk=iphoneos*]" = "iPhone Developer";
				FRAMEWORK_SEARCH_PATHS = "$(inherited)";
				GCC_PREPROCESSOR_DEFINITIONS = (
					"DEBUG=1",
					"$(inherited)",
				);
				INFOPLIST_FILE = "SpartaHack IITests/Info.plist";
				LD_RUNPATH_SEARCH_PATHS = "$(inherited) @executable_path/Frameworks @loader_path/Frameworks";
				PRODUCT_BUNDLE_IDENTIFIER = "com.chrismcgrath.$(PRODUCT_NAME:rfc1034identifier)";
				PRODUCT_NAME = "SpartaHack 2016";
				PROVISIONING_PROFILE = "";
				SWIFT_VERSION = 3.0;
				TEST_HOST = "$(BUILT_PRODUCTS_DIR)/SpartaHack 2016.app/SpartaHack 2016";
			};
			name = Debug;
		};
		F5373BA81B327566007F508C /* Release */ = {
			isa = XCBuildConfiguration;
			buildSettings = {
				BUNDLE_LOADER = "$(TEST_HOST)";
				CODE_SIGN_IDENTITY = "iPhone Developer";
				"CODE_SIGN_IDENTITY[sdk=iphoneos*]" = "iPhone Developer";
				FRAMEWORK_SEARCH_PATHS = "$(inherited)";
				INFOPLIST_FILE = "SpartaHack IITests/Info.plist";
				LD_RUNPATH_SEARCH_PATHS = "$(inherited) @executable_path/Frameworks @loader_path/Frameworks";
				PRODUCT_BUNDLE_IDENTIFIER = "com.chrismcgrath.$(PRODUCT_NAME:rfc1034identifier)";
				PRODUCT_NAME = "SpartaHack 2016";
				PROVISIONING_PROFILE = "";
				SWIFT_VERSION = 3.0;
				TEST_HOST = "$(BUILT_PRODUCTS_DIR)/SpartaHack 2016.app/SpartaHack 2016";
			};
			name = Release;
		};
/* End XCBuildConfiguration section */

/* Begin XCConfigurationList section */
		F5373B7D1B327566007F508C /* Build configuration list for PBXProject "SpartaHack 2016" */ = {
			isa = XCConfigurationList;
			buildConfigurations = (
				F5373BA11B327566007F508C /* Debug */,
				F5373BA21B327566007F508C /* Release */,
			);
			defaultConfigurationIsVisible = 0;
			defaultConfigurationName = Release;
		};
		F5373BA31B327566007F508C /* Build configuration list for PBXNativeTarget "SpartaHack 2016" */ = {
			isa = XCConfigurationList;
			buildConfigurations = (
				F5373BA41B327566007F508C /* Debug */,
				F5373BA51B327566007F508C /* Release */,
			);
			defaultConfigurationIsVisible = 0;
			defaultConfigurationName = Release;
		};
		F5373BA61B327566007F508C /* Build configuration list for PBXNativeTarget "SpartaHack 2016Tests" */ = {
			isa = XCConfigurationList;
			buildConfigurations = (
				F5373BA71B327566007F508C /* Debug */,
				F5373BA81B327566007F508C /* Release */,
			);
			defaultConfigurationIsVisible = 0;
			defaultConfigurationName = Release;
		};
/* End XCConfigurationList section */
	};
	rootObject = F5373B7A1B327566007F508C /* Project object */;
}
